// !$*UTF8*$!
{
	archiveVersion = 1;
	classes = {
	};
	objectVersion = 48;
	objects = {

/* Begin PBXBuildFile section */
		B73530161FD15FC8007FF4B4 /* loana.png in Resources */ = {isa = PBXBuildFile; fileRef = B73530151FD15FC7007FF4B4 /* loana.png */; };
		B73530181FD176C8007FF4B4 /* PlansCollectionViewCell.swift in Sources */ = {isa = PBXBuildFile; fileRef = B73530171FD176C8007FF4B4 /* PlansCollectionViewCell.swift */; };
		B735301C1FD18999007FF4B4 /* standard.png in Resources */ = {isa = PBXBuildFile; fileRef = B73530191FD18998007FF4B4 /* standard.png */; };
		B735301D1FD18999007FF4B4 /* graduated.png in Resources */ = {isa = PBXBuildFile; fileRef = B735301A1FD18998007FF4B4 /* graduated.png */; };
		B735301E1FD18999007FF4B4 /* IBR.png in Resources */ = {isa = PBXBuildFile; fileRef = B735301B1FD18999007FF4B4 /* IBR.png */; };
		B766CC791FCFFEA600495638 /* HomeViewController.swift in Sources */ = {isa = PBXBuildFile; fileRef = B766CC781FCFFEA600495638 /* HomeViewController.swift */; };
		B766CC7B1FD00C0400495638 /* NavigationBar.swift in Sources */ = {isa = PBXBuildFile; fileRef = B766CC7A1FD00C0400495638 /* NavigationBar.swift */; };
		B766CC7D1FD0131200495638 /* NavigationViewController.swift in Sources */ = {isa = PBXBuildFile; fileRef = B766CC7C1FD0131200495638 /* NavigationViewController.swift */; };
		B766CC7F1FD0FC4300495638 /* SignUpInfo2ViewController.swift in Sources */ = {isa = PBXBuildFile; fileRef = B766CC7E1FD0FC4200495638 /* SignUpInfo2ViewController.swift */; };
		B76AF5731FD81F7400F51D7F /* icons8-plus-100.png in Resources */ = {isa = PBXBuildFile; fileRef = B76AF5711FD81F7000F51D7F /* icons8-plus-100.png */; };
		B76AF5741FD81F7400F51D7F /* icons8-forward-100.png in Resources */ = {isa = PBXBuildFile; fileRef = B76AF5721FD81F7200F51D7F /* icons8-forward-100.png */; };
		B76AF5761FD8261400F51D7F /* BankCompanyCollectionViewCell.swift in Sources */ = {isa = PBXBuildFile; fileRef = B76AF5751FD8261400F51D7F /* BankCompanyCollectionViewCell.swift */; };
		B76AF5781FD8266B00F51D7F /* LinkAccountViewController.swift in Sources */ = {isa = PBXBuildFile; fileRef = B76AF5771FD8266B00F51D7F /* LinkAccountViewController.swift */; };
		B76AF57B1FD82AFA00F51D7F /* LinkAccount2ViewController.swift in Sources */ = {isa = PBXBuildFile; fileRef = B76AF57A1FD82AFA00F51D7F /* LinkAccount2ViewController.swift */; };
		B76AF57D1FD927E200F51D7F /* LinkAccount3ViewController.swift in Sources */ = {isa = PBXBuildFile; fileRef = B76AF57C1FD927E200F51D7F /* LinkAccount3ViewController.swift */; };
		B76AF57F1FD92A2800F51D7F /* BankAccount.swift in Sources */ = {isa = PBXBuildFile; fileRef = B76AF57E1FD92A2800F51D7F /* BankAccount.swift */; };
		B774C8391FCFF4AB009DFC76 /* SettingsViewController.swift in Sources */ = {isa = PBXBuildFile; fileRef = B774C8381FCFF4AB009DFC76 /* SettingsViewController.swift */; };
		B774C83E1FCFFA5E009DFC76 /* wallet.png in Resources */ = {isa = PBXBuildFile; fileRef = B774C83B1FCFFA5E009DFC76 /* wallet.png */; };
		B7780C221FCFB67A0093A2C9 /* PlansViewController.swift in Sources */ = {isa = PBXBuildFile; fileRef = B7780C211FCFB67A0093A2C9 /* PlansViewController.swift */; };
		B7780C281FCFC92F0093A2C9 /* PlanDetailViewController.swift in Sources */ = {isa = PBXBuildFile; fileRef = B7780C271FCFC92F0093A2C9 /* PlanDetailViewController.swift */; };
		B78391571FD7F50C004FB5AB /* MainPageViewController.swift in Sources */ = {isa = PBXBuildFile; fileRef = B78391561FD7F50C004FB5AB /* MainPageViewController.swift */; };
		B78391591FD80AED004FB5AB /* BankViewController.swift in Sources */ = {isa = PBXBuildFile; fileRef = B78391581FD80AED004FB5AB /* BankViewController.swift */; };
		B783915F1FD80CC0004FB5AB /* boa.png in Resources */ = {isa = PBXBuildFile; fileRef = B783915A1FD80CAF004FB5AB /* boa.png */; };
		B78391601FD80CC0004FB5AB /* hsbc.png in Resources */ = {isa = PBXBuildFile; fileRef = B783915B1FD80CB2004FB5AB /* hsbc.png */; };
		B78391611FD80CC0004FB5AB /* chase.png in Resources */ = {isa = PBXBuildFile; fileRef = B783915C1FD80CB6004FB5AB /* chase.png */; };
		B78391621FD80CC0004FB5AB /* barclay.png in Resources */ = {isa = PBXBuildFile; fileRef = B783915D1FD80CB9004FB5AB /* barclay.png */; };
		B78391631FD80CC0004FB5AB /* wellsFargo.png in Resources */ = {isa = PBXBuildFile; fileRef = B783915E1FD80CBC004FB5AB /* wellsFargo.png */; };
		B78391651FD80EA1004FB5AB /* BankCollectionViewCell.swift in Sources */ = {isa = PBXBuildFile; fileRef = B78391641FD80EA1004FB5AB /* BankCollectionViewCell.swift */; };
		B78391671FD81087004FB5AB /* AddCollectionViewCell.swift in Sources */ = {isa = PBXBuildFile; fileRef = B78391661FD81087004FB5AB /* AddCollectionViewCell.swift */; };
		B783916A1FD81241004FB5AB /* forward.png in Resources */ = {isa = PBXBuildFile; fileRef = B78391681FD81241004FB5AB /* forward.png */; };
		B783916B1FD81241004FB5AB /* plus.png in Resources */ = {isa = PBXBuildFile; fileRef = B78391691FD81241004FB5AB /* plus.png */; };
		B7A264A51FBF996400893AFE /* AppDelegate.swift in Sources */ = {isa = PBXBuildFile; fileRef = B7A264A41FBF996400893AFE /* AppDelegate.swift */; };
		B7A264A71FBF996400893AFE /* ViewController.swift in Sources */ = {isa = PBXBuildFile; fileRef = B7A264A61FBF996400893AFE /* ViewController.swift */; };
		B7A264AA1FBF996400893AFE /* Main.storyboard in Resources */ = {isa = PBXBuildFile; fileRef = B7A264A81FBF996400893AFE /* Main.storyboard */; };
		B7A264AD1FBF996400893AFE /* Loana.xcdatamodeld in Sources */ = {isa = PBXBuildFile; fileRef = B7A264AB1FBF996400893AFE /* Loana.xcdatamodeld */; };
		B7A264AF1FBF996400893AFE /* Assets.xcassets in Resources */ = {isa = PBXBuildFile; fileRef = B7A264AE1FBF996400893AFE /* Assets.xcassets */; };
		B7A264B21FBF996400893AFE /* LaunchScreen.storyboard in Resources */ = {isa = PBXBuildFile; fileRef = B7A264B01FBF996400893AFE /* LaunchScreen.storyboard */; };
		B7E9B91F1FCF6E2300234840 /* TabBarViewController.swift in Sources */ = {isa = PBXBuildFile; fileRef = B7E9B91E1FCF6E2300234840 /* TabBarViewController.swift */; };
		B7E9B9211FCF6EF000234840 /* User.swift in Sources */ = {isa = PBXBuildFile; fileRef = B7E9B9201FCF6EF000234840 /* User.swift */; };
		B7E9B9231FCF6FF000234840 /* Session.swift in Sources */ = {isa = PBXBuildFile; fileRef = B7E9B9221FCF6FF000234840 /* Session.swift */; };
		B7E9B9251FCF710C00234840 /* LoanFinder.swift in Sources */ = {isa = PBXBuildFile; fileRef = B7E9B9241FCF710C00234840 /* LoanFinder.swift */; };
		B7E9B9271FCF711700234840 /* Loan.swift in Sources */ = {isa = PBXBuildFile; fileRef = B7E9B9261FCF711700234840 /* Loan.swift */; };
		B7E9B92A1FCF773A00234840 /* LoginViewController.swift in Sources */ = {isa = PBXBuildFile; fileRef = B7E9B9291FCF773A00234840 /* LoginViewController.swift */; };
		B7F1181E1FD9695C008E5340 /* plansList.png in Resources */ = {isa = PBXBuildFile; fileRef = B7F118191FD96950008E5340 /* plansList.png */; };
		B7F1181F1FD9695C008E5340 /* profile.png in Resources */ = {isa = PBXBuildFile; fileRef = B7F1181A1FD96953008E5340 /* profile.png */; };
		B7F118201FD9695C008E5340 /* autopay.png in Resources */ = {isa = PBXBuildFile; fileRef = B7F1181B1FD96958008E5340 /* autopay.png */; };
		B7F118261FD96DD1008E5340 /* signOut.png in Resources */ = {isa = PBXBuildFile; fileRef = B7F118241FD96DD1008E5340 /* signOut.png */; };
		B7F118271FD96DD1008E5340 /* bankPic.png in Resources */ = {isa = PBXBuildFile; fileRef = B7F118251FD96DD1008E5340 /* bankPic.png */; };
		B7F118291FD9786E008E5340 /* AutopayViewController.swift in Sources */ = {isa = PBXBuildFile; fileRef = B7F118281FD9786E008E5340 /* AutopayViewController.swift */; };
		B7F62D521FD7E8180010CC7B /* hamburger.png in Resources */ = {isa = PBXBuildFile; fileRef = B7F62D511FD7E8160010CC7B /* hamburger.png */; };
		B7F62D541FD7E8C50010CC7B /* icons8-settings-50.png in Resources */ = {isa = PBXBuildFile; fileRef = B7F62D531FD7E8C40010CC7B /* icons8-settings-50.png */; };
		B7F62D571FD7E91F0010CC7B /* icons8-settings-30.png in Resources */ = {isa = PBXBuildFile; fileRef = B7F62D551FD7E91B0010CC7B /* icons8-settings-30.png */; };
		B7F62D581FD7E91F0010CC7B /* icons8-menu-30.png in Resources */ = {isa = PBXBuildFile; fileRef = B7F62D561FD7E91D0010CC7B /* icons8-menu-30.png */; };
		D34FAC5A1FCFF6F80008A8AF /* SignUpInfo1ViewController.swift in Sources */ = {isa = PBXBuildFile; fileRef = D34FAC591FCFF6F80008A8AF /* SignUpInfo1ViewController.swift */; };
		D35FED5C1FD7FE78005C8606 /* ProfileViewController.swift in Sources */ = {isa = PBXBuildFile; fileRef = D35FED5B1FD7FE78005C8606 /* ProfileViewController.swift */; };
		D3E8CC841FD9620400D9BDC7 /* CoffeeVisualisationController.swift in Sources */ = {isa = PBXBuildFile; fileRef = D3E8CC831FD9620400D9BDC7 /* CoffeeVisualisationController.swift */; };
		D3E8CC891FD969DE00D9BDC7 /* tickets.png in Resources */ = {isa = PBXBuildFile; fileRef = D3E8CC851FD969DD00D9BDC7 /* tickets.png */; };
		D3E8CC8A1FD969DE00D9BDC7 /* shoes.png in Resources */ = {isa = PBXBuildFile; fileRef = D3E8CC861FD969DD00D9BDC7 /* shoes.png */; };
		D3E8CC8B1FD969DE00D9BDC7 /* coffee.png in Resources */ = {isa = PBXBuildFile; fileRef = D3E8CC871FD969DD00D9BDC7 /* coffee.png */; };
		D3E8CC8C1FD969DE00D9BDC7 /* headphones.png in Resources */ = {isa = PBXBuildFile; fileRef = D3E8CC881FD969DD00D9BDC7 /* headphones.png */; };
		D64B813745412D65661C802B /* Pods_Loana.framework in Frameworks */ = {isa = PBXBuildFile; fileRef = A876C0EE2993CA6739387610 /* Pods_Loana.framework */; };
		E8064B3E1FD7FC8A003C83DA /* Graph1Controller.swift in Sources */ = {isa = PBXBuildFile; fileRef = E8064B3D1FD7FC8A003C83DA /* Graph1Controller.swift */; };
		E8064B451FD8201F003C83DA /* progress_tree_6.png in Resources */ = {isa = PBXBuildFile; fileRef = E8064B3F1FD8201D003C83DA /* progress_tree_6.png */; };
		E8064B461FD8201F003C83DA /* progress_tree_2.png in Resources */ = {isa = PBXBuildFile; fileRef = E8064B401FD8201E003C83DA /* progress_tree_2.png */; };
		E8064B471FD8201F003C83DA /* progress_tree_4.png in Resources */ = {isa = PBXBuildFile; fileRef = E8064B411FD8201E003C83DA /* progress_tree_4.png */; };
		E8064B481FD8201F003C83DA /* progress_tree_1.png in Resources */ = {isa = PBXBuildFile; fileRef = E8064B421FD8201E003C83DA /* progress_tree_1.png */; };
		E8064B491FD8201F003C83DA /* progress_tree_3.png in Resources */ = {isa = PBXBuildFile; fileRef = E8064B431FD8201E003C83DA /* progress_tree_3.png */; };
		E8064B4A1FD8201F003C83DA /* progress_tree_5.png in Resources */ = {isa = PBXBuildFile; fileRef = E8064B441FD8201F003C83DA /* progress_tree_5.png */; };
		E8064B4C1FD82370003C83DA /* TreeController.swift in Sources */ = {isa = PBXBuildFile; fileRef = E8064B4B1FD82370003C83DA /* TreeController.swift */; };
		E815D4F11FCFDFEC005CB34F /* SignUpViewController.swift in Sources */ = {isa = PBXBuildFile; fileRef = E815D4F01FCFDFEC005CB34F /* SignUpViewController.swift */; };
		E815D4F31FCFE1C1005CB34F /* RepaymentPlan.swift in Sources */ = {isa = PBXBuildFile; fileRef = E815D4F21FCFE1C1005CB34F /* RepaymentPlan.swift */; };
		E815D5061FD003B5005CB34F /* house.png in Resources */ = {isa = PBXBuildFile; fileRef = E815D5031FD003B3005CB34F /* house.png */; };
		E815D5071FD003B5005CB34F /* money.png in Resources */ = {isa = PBXBuildFile; fileRef = E815D5041FD003B4005CB34F /* money.png */; };
		E815D50D1FD01136005CB34F /* hat30.png in Resources */ = {isa = PBXBuildFile; fileRef = E815D50C1FD01136005CB34F /* hat30.png */; };
		E815D5111FD01366005CB34F /* icons in Resources */ = {isa = PBXBuildFile; fileRef = E815D5101FD01365005CB34F /* icons */; };
		E823DB7B1FD14A6600A427D9 /* Group.png in Resources */ = {isa = PBXBuildFile; fileRef = E823DB731FD14A6500A427D9 /* Group.png */; };
		E823DB7C1FD14A6600A427D9 /* iPhone SE.png in Resources */ = {isa = PBXBuildFile; fileRef = E823DB741FD14A6500A427D9 /* iPhone SE.png */; };
		E823DB7D1FD14A6600A427D9 /* background.png in Resources */ = {isa = PBXBuildFile; fileRef = E823DB751FD14A6600A427D9 /* background.png */; };
		E823DB7E1FD14A6600A427D9 /* noun_1098185_cc.png in Resources */ = {isa = PBXBuildFile; fileRef = E823DB761FD14A6600A427D9 /* noun_1098185_cc.png */; };
		E823DB7F1FD14A6600A427D9 /* account-circle.png in Resources */ = {isa = PBXBuildFile; fileRef = E823DB771FD14A6600A427D9 /* account-circle.png */; };
		E823DB801FD14A6600A427D9 /* first screen.png in Resources */ = {isa = PBXBuildFile; fileRef = E823DB781FD14A6600A427D9 /* first screen.png */; };
		E823DB811FD14A6600A427D9 /* noun_125155_cc.png in Resources */ = {isa = PBXBuildFile; fileRef = E823DB791FD14A6600A427D9 /* noun_125155_cc.png */; };
		E823DB821FD14A6600A427D9 /* lock-open.png in Resources */ = {isa = PBXBuildFile; fileRef = E823DB7A1FD14A6600A427D9 /* lock-open.png */; };
		E823DB881FD14D7800A427D9 /* box.png in Resources */ = {isa = PBXBuildFile; fileRef = E823DB831FD14D7800A427D9 /* box.png */; };
		E823DB891FD14D7800A427D9 /* plans.png in Resources */ = {isa = PBXBuildFile; fileRef = E823DB841FD14D7800A427D9 /* plans.png */; };
		E823DB8A1FD14D7800A427D9 /* new plan.png in Resources */ = {isa = PBXBuildFile; fileRef = E823DB851FD14D7800A427D9 /* new plan.png */; };
		E823DB8B1FD14D7800A427D9 /* widebox.png in Resources */ = {isa = PBXBuildFile; fileRef = E823DB861FD14D7800A427D9 /* widebox.png */; };
		E823DB8C1FD14D7800A427D9 /* backbutton.png in Resources */ = {isa = PBXBuildFile; fileRef = E823DB871FD14D7800A427D9 /* backbutton.png */; };
		E825CC6B1FD9572800A256F9 /* ManualPayController.swift in Sources */ = {isa = PBXBuildFile; fileRef = E825CC6A1FD9572800A256F9 /* ManualPayController.swift */; };
		E825CC6D1FD960A700A256F9 /* Util.swift in Sources */ = {isa = PBXBuildFile; fileRef = E825CC6C1FD960A700A256F9 /* Util.swift */; };
/* End PBXBuildFile section */

/* Begin PBXFileReference section */
		55B4C0A69947756DBD5593A8 /* Pods-Loana.debug.xcconfig */ = {isa = PBXFileReference; includeInIndex = 1; lastKnownFileType = text.xcconfig; name = "Pods-Loana.debug.xcconfig"; path = "Pods/Target Support Files/Pods-Loana/Pods-Loana.debug.xcconfig"; sourceTree = "<group>"; };
		98A6443EEE8959902679B3F7 /* Pods-Loana.release.xcconfig */ = {isa = PBXFileReference; includeInIndex = 1; lastKnownFileType = text.xcconfig; name = "Pods-Loana.release.xcconfig"; path = "Pods/Target Support Files/Pods-Loana/Pods-Loana.release.xcconfig"; sourceTree = "<group>"; };
		A876C0EE2993CA6739387610 /* Pods_Loana.framework */ = {isa = PBXFileReference; explicitFileType = wrapper.framework; includeInIndex = 0; path = Pods_Loana.framework; sourceTree = BUILT_PRODUCTS_DIR; };
		B73530151FD15FC7007FF4B4 /* loana.png */ = {isa = PBXFileReference; lastKnownFileType = image.png; path = loana.png; sourceTree = "<group>"; };
		B73530171FD176C8007FF4B4 /* PlansCollectionViewCell.swift */ = {isa = PBXFileReference; lastKnownFileType = sourcecode.swift; path = PlansCollectionViewCell.swift; sourceTree = "<group>"; };
		B73530191FD18998007FF4B4 /* standard.png */ = {isa = PBXFileReference; lastKnownFileType = image.png; path = standard.png; sourceTree = "<group>"; };
		B735301A1FD18998007FF4B4 /* graduated.png */ = {isa = PBXFileReference; lastKnownFileType = image.png; path = graduated.png; sourceTree = "<group>"; };
		B735301B1FD18999007FF4B4 /* IBR.png */ = {isa = PBXFileReference; lastKnownFileType = image.png; path = IBR.png; sourceTree = "<group>"; };
		B766CC781FCFFEA600495638 /* HomeViewController.swift */ = {isa = PBXFileReference; lastKnownFileType = sourcecode.swift; path = HomeViewController.swift; sourceTree = "<group>"; };
		B766CC7A1FD00C0400495638 /* NavigationBar.swift */ = {isa = PBXFileReference; lastKnownFileType = sourcecode.swift; path = NavigationBar.swift; sourceTree = "<group>"; };
		B766CC7C1FD0131200495638 /* NavigationViewController.swift */ = {isa = PBXFileReference; lastKnownFileType = sourcecode.swift; path = NavigationViewController.swift; sourceTree = "<group>"; };
		B766CC7E1FD0FC4200495638 /* SignUpInfo2ViewController.swift */ = {isa = PBXFileReference; lastKnownFileType = sourcecode.swift; path = SignUpInfo2ViewController.swift; sourceTree = "<group>"; };
		B76AF5711FD81F7000F51D7F /* icons8-plus-100.png */ = {isa = PBXFileReference; lastKnownFileType = image.png; path = "icons8-plus-100.png"; sourceTree = "<group>"; };
		B76AF5721FD81F7200F51D7F /* icons8-forward-100.png */ = {isa = PBXFileReference; lastKnownFileType = image.png; path = "icons8-forward-100.png"; sourceTree = "<group>"; };
		B76AF5751FD8261400F51D7F /* BankCompanyCollectionViewCell.swift */ = {isa = PBXFileReference; lastKnownFileType = sourcecode.swift; path = BankCompanyCollectionViewCell.swift; sourceTree = "<group>"; };
		B76AF5771FD8266B00F51D7F /* LinkAccountViewController.swift */ = {isa = PBXFileReference; lastKnownFileType = sourcecode.swift; path = LinkAccountViewController.swift; sourceTree = "<group>"; };
		B76AF57A1FD82AFA00F51D7F /* LinkAccount2ViewController.swift */ = {isa = PBXFileReference; lastKnownFileType = sourcecode.swift; path = LinkAccount2ViewController.swift; sourceTree = "<group>"; };
		B76AF57C1FD927E200F51D7F /* LinkAccount3ViewController.swift */ = {isa = PBXFileReference; lastKnownFileType = sourcecode.swift; path = LinkAccount3ViewController.swift; sourceTree = "<group>"; };
		B76AF57E1FD92A2800F51D7F /* BankAccount.swift */ = {isa = PBXFileReference; lastKnownFileType = sourcecode.swift; path = BankAccount.swift; sourceTree = "<group>"; };
		B774C8381FCFF4AB009DFC76 /* SettingsViewController.swift */ = {isa = PBXFileReference; lastKnownFileType = sourcecode.swift; path = SettingsViewController.swift; sourceTree = "<group>"; };
		B774C83B1FCFFA5E009DFC76 /* wallet.png */ = {isa = PBXFileReference; lastKnownFileType = image.png; path = wallet.png; sourceTree = "<group>"; };
		B7780C211FCFB67A0093A2C9 /* PlansViewController.swift */ = {isa = PBXFileReference; lastKnownFileType = sourcecode.swift; path = PlansViewController.swift; sourceTree = "<group>"; };
		B7780C271FCFC92F0093A2C9 /* PlanDetailViewController.swift */ = {isa = PBXFileReference; lastKnownFileType = sourcecode.swift; path = PlanDetailViewController.swift; sourceTree = "<group>"; };
		B78391561FD7F50C004FB5AB /* MainPageViewController.swift */ = {isa = PBXFileReference; lastKnownFileType = sourcecode.swift; path = MainPageViewController.swift; sourceTree = "<group>"; };
		B78391581FD80AED004FB5AB /* BankViewController.swift */ = {isa = PBXFileReference; lastKnownFileType = sourcecode.swift; path = BankViewController.swift; sourceTree = "<group>"; };
		B783915A1FD80CAF004FB5AB /* boa.png */ = {isa = PBXFileReference; lastKnownFileType = image.png; path = boa.png; sourceTree = "<group>"; };
		B783915B1FD80CB2004FB5AB /* hsbc.png */ = {isa = PBXFileReference; lastKnownFileType = image.png; path = hsbc.png; sourceTree = "<group>"; };
		B783915C1FD80CB6004FB5AB /* chase.png */ = {isa = PBXFileReference; lastKnownFileType = image.png; path = chase.png; sourceTree = "<group>"; };
		B783915D1FD80CB9004FB5AB /* barclay.png */ = {isa = PBXFileReference; lastKnownFileType = image.png; path = barclay.png; sourceTree = "<group>"; };
		B783915E1FD80CBC004FB5AB /* wellsFargo.png */ = {isa = PBXFileReference; lastKnownFileType = image.png; path = wellsFargo.png; sourceTree = "<group>"; };
		B78391641FD80EA1004FB5AB /* BankCollectionViewCell.swift */ = {isa = PBXFileReference; lastKnownFileType = sourcecode.swift; path = BankCollectionViewCell.swift; sourceTree = "<group>"; };
		B78391661FD81087004FB5AB /* AddCollectionViewCell.swift */ = {isa = PBXFileReference; lastKnownFileType = sourcecode.swift; path = AddCollectionViewCell.swift; sourceTree = "<group>"; };
		B78391681FD81241004FB5AB /* forward.png */ = {isa = PBXFileReference; lastKnownFileType = image.png; path = forward.png; sourceTree = "<group>"; };
		B78391691FD81241004FB5AB /* plus.png */ = {isa = PBXFileReference; lastKnownFileType = image.png; path = plus.png; sourceTree = "<group>"; };
		B7A264A11FBF996400893AFE /* Loana.app */ = {isa = PBXFileReference; explicitFileType = wrapper.application; includeInIndex = 0; path = Loana.app; sourceTree = BUILT_PRODUCTS_DIR; };
		B7A264A41FBF996400893AFE /* AppDelegate.swift */ = {isa = PBXFileReference; lastKnownFileType = sourcecode.swift; path = AppDelegate.swift; sourceTree = "<group>"; };
		B7A264A61FBF996400893AFE /* ViewController.swift */ = {isa = PBXFileReference; lastKnownFileType = sourcecode.swift; path = ViewController.swift; sourceTree = "<group>"; };
		B7A264A91FBF996400893AFE /* Base */ = {isa = PBXFileReference; lastKnownFileType = file.storyboard; name = Base; path = Base.lproj/Main.storyboard; sourceTree = "<group>"; };
		B7A264AC1FBF996400893AFE /* Loana.xcdatamodel */ = {isa = PBXFileReference; lastKnownFileType = wrapper.xcdatamodel; path = Loana.xcdatamodel; sourceTree = "<group>"; };
		B7A264AE1FBF996400893AFE /* Assets.xcassets */ = {isa = PBXFileReference; lastKnownFileType = folder.assetcatalog; path = Assets.xcassets; sourceTree = "<group>"; };
		B7A264B11FBF996400893AFE /* Base */ = {isa = PBXFileReference; lastKnownFileType = file.storyboard; name = Base; path = Base.lproj/LaunchScreen.storyboard; sourceTree = "<group>"; };
		B7A264B31FBF996400893AFE /* Info.plist */ = {isa = PBXFileReference; lastKnownFileType = text.plist.xml; path = Info.plist; sourceTree = "<group>"; };
		B7E9B91E1FCF6E2300234840 /* TabBarViewController.swift */ = {isa = PBXFileReference; lastKnownFileType = sourcecode.swift; path = TabBarViewController.swift; sourceTree = "<group>"; };
		B7E9B9201FCF6EF000234840 /* User.swift */ = {isa = PBXFileReference; lastKnownFileType = sourcecode.swift; path = User.swift; sourceTree = "<group>"; };
		B7E9B9221FCF6FF000234840 /* Session.swift */ = {isa = PBXFileReference; lastKnownFileType = sourcecode.swift; path = Session.swift; sourceTree = "<group>"; };
		B7E9B9241FCF710C00234840 /* LoanFinder.swift */ = {isa = PBXFileReference; lastKnownFileType = sourcecode.swift; path = LoanFinder.swift; sourceTree = "<group>"; };
		B7E9B9261FCF711700234840 /* Loan.swift */ = {isa = PBXFileReference; lastKnownFileType = sourcecode.swift; path = Loan.swift; sourceTree = "<group>"; };
		B7E9B9291FCF773A00234840 /* LoginViewController.swift */ = {isa = PBXFileReference; lastKnownFileType = sourcecode.swift; path = LoginViewController.swift; sourceTree = "<group>"; };
		B7F118191FD96950008E5340 /* plansList.png */ = {isa = PBXFileReference; lastKnownFileType = image.png; path = plansList.png; sourceTree = "<group>"; };
		B7F1181A1FD96953008E5340 /* profile.png */ = {isa = PBXFileReference; lastKnownFileType = image.png; path = profile.png; sourceTree = "<group>"; };
		B7F1181B1FD96958008E5340 /* autopay.png */ = {isa = PBXFileReference; lastKnownFileType = image.png; path = autopay.png; sourceTree = "<group>"; };
		B7F118211FD969DC008E5340 /* bankBuilding.png */ = {isa = PBXFileReference; lastKnownFileType = image.png; name = bankBuilding.png; path = /Users/jiwoo/Desktop/Loana/Loana/Resources/bankBuilding.png; sourceTree = "<absolute>"; };
		B7F118231FD96AA7008E5340 /* logout.png */ = {isa = PBXFileReference; lastKnownFileType = image.png; name = logout.png; path = /Users/jiwoo/Desktop/Loana/Loana/Resources/logout.png; sourceTree = "<absolute>"; };
		B7F118241FD96DD1008E5340 /* signOut.png */ = {isa = PBXFileReference; lastKnownFileType = image.png; path = signOut.png; sourceTree = "<group>"; };
		B7F118251FD96DD1008E5340 /* bankPic.png */ = {isa = PBXFileReference; lastKnownFileType = image.png; path = bankPic.png; sourceTree = "<group>"; };
		B7F118281FD9786E008E5340 /* AutopayViewController.swift */ = {isa = PBXFileReference; fileEncoding = 4; lastKnownFileType = sourcecode.swift; path = AutopayViewController.swift; sourceTree = "<group>"; };
		B7F62D511FD7E8160010CC7B /* hamburger.png */ = {isa = PBXFileReference; lastKnownFileType = image.png; path = hamburger.png; sourceTree = "<group>"; };
		B7F62D531FD7E8C40010CC7B /* icons8-settings-50.png */ = {isa = PBXFileReference; lastKnownFileType = image.png; path = "icons8-settings-50.png"; sourceTree = "<group>"; };
		B7F62D551FD7E91B0010CC7B /* icons8-settings-30.png */ = {isa = PBXFileReference; lastKnownFileType = image.png; path = "icons8-settings-30.png"; sourceTree = "<group>"; };
		B7F62D561FD7E91D0010CC7B /* icons8-menu-30.png */ = {isa = PBXFileReference; lastKnownFileType = image.png; path = "icons8-menu-30.png"; sourceTree = "<group>"; };
		D34FAC591FCFF6F80008A8AF /* SignUpInfo1ViewController.swift */ = {isa = PBXFileReference; lastKnownFileType = sourcecode.swift; path = SignUpInfo1ViewController.swift; sourceTree = "<group>"; };
		D35FED5B1FD7FE78005C8606 /* ProfileViewController.swift */ = {isa = PBXFileReference; lastKnownFileType = sourcecode.swift; path = ProfileViewController.swift; sourceTree = "<group>"; };
		D3E8CC831FD9620400D9BDC7 /* CoffeeVisualisationController.swift */ = {isa = PBXFileReference; lastKnownFileType = sourcecode.swift; path = CoffeeVisualisationController.swift; sourceTree = "<group>"; };
		D3E8CC851FD969DD00D9BDC7 /* tickets.png */ = {isa = PBXFileReference; lastKnownFileType = image.png; path = tickets.png; sourceTree = "<group>"; };
		D3E8CC861FD969DD00D9BDC7 /* shoes.png */ = {isa = PBXFileReference; lastKnownFileType = image.png; path = shoes.png; sourceTree = "<group>"; };
		D3E8CC871FD969DD00D9BDC7 /* coffee.png */ = {isa = PBXFileReference; lastKnownFileType = image.png; path = coffee.png; sourceTree = "<group>"; };
		D3E8CC881FD969DD00D9BDC7 /* headphones.png */ = {isa = PBXFileReference; lastKnownFileType = image.png; path = headphones.png; sourceTree = "<group>"; };
		E8064B3D1FD7FC8A003C83DA /* Graph1Controller.swift */ = {isa = PBXFileReference; lastKnownFileType = sourcecode.swift; path = Graph1Controller.swift; sourceTree = "<group>"; };
		E8064B3F1FD8201D003C83DA /* progress_tree_6.png */ = {isa = PBXFileReference; lastKnownFileType = image.png; path = progress_tree_6.png; sourceTree = "<group>"; };
		E8064B401FD8201E003C83DA /* progress_tree_2.png */ = {isa = PBXFileReference; lastKnownFileType = image.png; path = progress_tree_2.png; sourceTree = "<group>"; };
		E8064B411FD8201E003C83DA /* progress_tree_4.png */ = {isa = PBXFileReference; lastKnownFileType = image.png; path = progress_tree_4.png; sourceTree = "<group>"; };
		E8064B421FD8201E003C83DA /* progress_tree_1.png */ = {isa = PBXFileReference; lastKnownFileType = image.png; path = progress_tree_1.png; sourceTree = "<group>"; };
		E8064B431FD8201E003C83DA /* progress_tree_3.png */ = {isa = PBXFileReference; lastKnownFileType = image.png; path = progress_tree_3.png; sourceTree = "<group>"; };
		E8064B441FD8201F003C83DA /* progress_tree_5.png */ = {isa = PBXFileReference; lastKnownFileType = image.png; path = progress_tree_5.png; sourceTree = "<group>"; };
		E8064B4B1FD82370003C83DA /* TreeController.swift */ = {isa = PBXFileReference; lastKnownFileType = sourcecode.swift; path = TreeController.swift; sourceTree = "<group>"; };
		E815D4F01FCFDFEC005CB34F /* SignUpViewController.swift */ = {isa = PBXFileReference; lastKnownFileType = sourcecode.swift; path = SignUpViewController.swift; sourceTree = "<group>"; };
		E815D4F21FCFE1C1005CB34F /* RepaymentPlan.swift */ = {isa = PBXFileReference; lastKnownFileType = sourcecode.swift; path = RepaymentPlan.swift; sourceTree = "<group>"; };
		E815D5031FD003B3005CB34F /* house.png */ = {isa = PBXFileReference; lastKnownFileType = image.png; path = house.png; sourceTree = "<group>"; };
		E815D5041FD003B4005CB34F /* money.png */ = {isa = PBXFileReference; lastKnownFileType = image.png; path = money.png; sourceTree = "<group>"; };
		E815D50C1FD01136005CB34F /* hat30.png */ = {isa = PBXFileReference; lastKnownFileType = image.png; path = hat30.png; sourceTree = "<group>"; };
		E815D5101FD01365005CB34F /* icons */ = {isa = PBXFileReference; lastKnownFileType = folder; path = icons; sourceTree = "<group>"; };
		E823DB731FD14A6500A427D9 /* Group.png */ = {isa = PBXFileReference; lastKnownFileType = image.png; path = Group.png; sourceTree = "<group>"; };
		E823DB741FD14A6500A427D9 /* iPhone SE.png */ = {isa = PBXFileReference; lastKnownFileType = image.png; path = "iPhone SE.png"; sourceTree = "<group>"; };
		E823DB751FD14A6600A427D9 /* background.png */ = {isa = PBXFileReference; lastKnownFileType = image.png; path = background.png; sourceTree = "<group>"; };
		E823DB761FD14A6600A427D9 /* noun_1098185_cc.png */ = {isa = PBXFileReference; lastKnownFileType = image.png; path = noun_1098185_cc.png; sourceTree = "<group>"; };
		E823DB771FD14A6600A427D9 /* account-circle.png */ = {isa = PBXFileReference; lastKnownFileType = image.png; path = "account-circle.png"; sourceTree = "<group>"; };
		E823DB781FD14A6600A427D9 /* first screen.png */ = {isa = PBXFileReference; lastKnownFileType = image.png; path = "first screen.png"; sourceTree = "<group>"; };
		E823DB791FD14A6600A427D9 /* noun_125155_cc.png */ = {isa = PBXFileReference; lastKnownFileType = image.png; path = noun_125155_cc.png; sourceTree = "<group>"; };
		E823DB7A1FD14A6600A427D9 /* lock-open.png */ = {isa = PBXFileReference; lastKnownFileType = image.png; path = "lock-open.png"; sourceTree = "<group>"; };
		E823DB831FD14D7800A427D9 /* box.png */ = {isa = PBXFileReference; lastKnownFileType = image.png; path = box.png; sourceTree = "<group>"; };
		E823DB841FD14D7800A427D9 /* plans.png */ = {isa = PBXFileReference; lastKnownFileType = image.png; path = plans.png; sourceTree = "<group>"; };
		E823DB851FD14D7800A427D9 /* new plan.png */ = {isa = PBXFileReference; lastKnownFileType = image.png; path = "new plan.png"; sourceTree = "<group>"; };
		E823DB861FD14D7800A427D9 /* widebox.png */ = {isa = PBXFileReference; lastKnownFileType = image.png; path = widebox.png; sourceTree = "<group>"; };
		E823DB871FD14D7800A427D9 /* backbutton.png */ = {isa = PBXFileReference; lastKnownFileType = image.png; path = backbutton.png; sourceTree = "<group>"; };
		E825CC6A1FD9572800A256F9 /* ManualPayController.swift */ = {isa = PBXFileReference; lastKnownFileType = sourcecode.swift; path = ManualPayController.swift; sourceTree = "<group>"; };
		E825CC6C1FD960A700A256F9 /* Util.swift */ = {isa = PBXFileReference; lastKnownFileType = sourcecode.swift; path = Util.swift; sourceTree = "<group>"; };
/* End PBXFileReference section */

/* Begin PBXFrameworksBuildPhase section */
		B7A2649E1FBF996400893AFE /* Frameworks */ = {
			isa = PBXFrameworksBuildPhase;
			buildActionMask = 2147483647;
			files = (
				D64B813745412D65661C802B /* Pods_Loana.framework in Frameworks */,
			);
			runOnlyForDeploymentPostprocessing = 0;
		};
/* End PBXFrameworksBuildPhase section */

/* Begin PBXGroup section */
		3B68F2A5351AA6CEE44966C1 /* Frameworks */ = {
			isa = PBXGroup;
			children = (
				A876C0EE2993CA6739387610 /* Pods_Loana.framework */,
			);
			name = Frameworks;
			sourceTree = "<group>";
		};
		6D3865E53F4E8C58AC5B940A /* Pods */ = {
			isa = PBXGroup;
			children = (
				55B4C0A69947756DBD5593A8 /* Pods-Loana.debug.xcconfig */,
				98A6443EEE8959902679B3F7 /* Pods-Loana.release.xcconfig */,
			);
			name = Pods;
			sourceTree = "<group>";
		};
		B766CC801FD0FC9100495638 /* Meta Files */ = {
			isa = PBXGroup;
			children = (
				B78391561FD7F50C004FB5AB /* MainPageViewController.swift */,
				B7A264A41FBF996400893AFE /* AppDelegate.swift */,
				B7A264A61FBF996400893AFE /* ViewController.swift */,
				B7E9B91E1FCF6E2300234840 /* TabBarViewController.swift */,
				B766CC7C1FD0131200495638 /* NavigationViewController.swift */,
				B766CC7A1FD00C0400495638 /* NavigationBar.swift */,
			);
			path = "Meta Files";
			sourceTree = "<group>";
		};
		B766CC811FD0FCBA00495638 /* LoggedIn */ = {
			isa = PBXGroup;
			children = (
				B7F1182D1FD97A8F008E5340 /* Settings */,
				B766CC821FD0FCD200495638 /* HomeTab */,
			);
			path = LoggedIn;
			sourceTree = "<group>";
		};
		B766CC821FD0FCD200495638 /* HomeTab */ = {
			isa = PBXGroup;
			children = (
				B7F1182B1FD97A5D008E5340 /* Pages */,
				B766CC781FCFFEA600495638 /* HomeViewController.swift */,
				E825CC6A1FD9572800A256F9 /* ManualPayController.swift */,
			);
			path = HomeTab;
			sourceTree = "<group>";
		};
		B766CC831FD0FCEE00495638 /* LoggedOut */ = {
			isa = PBXGroup;
			children = (
				E815D4EF1FCFDFC9005CB34F /* SignUp */,
				B7E9B92B1FCF77BD00234840 /* Login */,
			);
			path = LoggedOut;
			sourceTree = "<group>";
		};
		B76AF5791FD82A0E00F51D7F /* Bank */ = {
			isa = PBXGroup;
			children = (
				B76AF5751FD8261400F51D7F /* BankCompanyCollectionViewCell.swift */,
				B76AF5771FD8266B00F51D7F /* LinkAccountViewController.swift */,
				B76AF57A1FD82AFA00F51D7F /* LinkAccount2ViewController.swift */,
				B76AF57C1FD927E200F51D7F /* LinkAccount3ViewController.swift */,
				B78391661FD81087004FB5AB /* AddCollectionViewCell.swift */,
				B78391641FD80EA1004FB5AB /* BankCollectionViewCell.swift */,
				B78391581FD80AED004FB5AB /* BankViewController.swift */,
			);
			path = Bank;
			sourceTree = "<group>";
		};
		B7780C291FCFEFA40093A2C9 /* Plans */ = {
			isa = PBXGroup;
			children = (
				B73530171FD176C8007FF4B4 /* PlansCollectionViewCell.swift */,
				B7780C211FCFB67A0093A2C9 /* PlansViewController.swift */,
				B7780C271FCFC92F0093A2C9 /* PlanDetailViewController.swift */,
			);
			path = Plans;
			sourceTree = "<group>";
		};
		B7A264981FBF996400893AFE = {
			isa = PBXGroup;
			children = (
				B7A264A31FBF996400893AFE /* Loana */,
				B7A264A21FBF996400893AFE /* Products */,
				6D3865E53F4E8C58AC5B940A /* Pods */,
				3B68F2A5351AA6CEE44966C1 /* Frameworks */,
			);
			sourceTree = "<group>";
		};
		B7A264A21FBF996400893AFE /* Products */ = {
			isa = PBXGroup;
			children = (
				B7A264A11FBF996400893AFE /* Loana.app */,
			);
			name = Products;
			sourceTree = "<group>";
		};
		B7A264A31FBF996400893AFE /* Loana */ = {
			isa = PBXGroup;
			children = (
				D34FAC4C1FCFECB60008A8AF /* Resources */,
				B766CC831FD0FCEE00495638 /* LoggedOut */,
				B766CC801FD0FC9100495638 /* Meta Files */,
				B7A264A81FBF996400893AFE /* Main.storyboard */,
				B766CC811FD0FCBA00495638 /* LoggedIn */,
				B7E9B9281FCF750B00234840 /* Model */,
				B7A264AE1FBF996400893AFE /* Assets.xcassets */,
				B7A264B01FBF996400893AFE /* LaunchScreen.storyboard */,
				B7A264B31FBF996400893AFE /* Info.plist */,
				B7A264AB1FBF996400893AFE /* Loana.xcdatamodeld */,
			);
			path = Loana;
			sourceTree = "<group>";
		};
		B7E9B9281FCF750B00234840 /* Model */ = {
			isa = PBXGroup;
			children = (
				E825CC6C1FD960A700A256F9 /* Util.swift */,
				B7E9B9221FCF6FF000234840 /* Session.swift */,
				B7E9B9241FCF710C00234840 /* LoanFinder.swift */,
				B7E9B9261FCF711700234840 /* Loan.swift */,
				B7E9B9201FCF6EF000234840 /* User.swift */,
				E815D4F21FCFE1C1005CB34F /* RepaymentPlan.swift */,
				B76AF57E1FD92A2800F51D7F /* BankAccount.swift */,
			);
			path = Model;
			sourceTree = "<group>";
		};
		B7E9B92B1FCF77BD00234840 /* Login */ = {
			isa = PBXGroup;
			children = (
				B7E9B9291FCF773A00234840 /* LoginViewController.swift */,
			);
			path = Login;
			sourceTree = "<group>";
		};
		B7F1182B1FD97A5D008E5340 /* Pages */ = {
			isa = PBXGroup;
			children = (
				D3E8CC831FD9620400D9BDC7 /* CoffeeVisualisationController.swift */,
				E8064B4B1FD82370003C83DA /* TreeController.swift */,
				E8064B3D1FD7FC8A003C83DA /* Graph1Controller.swift */,
			);
			path = Pages;
			sourceTree = "<group>";
		};
		B7F1182C1FD97A71008E5340 /* AutoPay */ = {
			isa = PBXGroup;
			children = (
				B7F118281FD9786E008E5340 /* AutopayViewController.swift */,
			);
			path = AutoPay;
			sourceTree = "<group>";
		};
		B7F1182D1FD97A8F008E5340 /* Settings */ = {
			isa = PBXGroup;
			children = (
				B774C8381FCFF4AB009DFC76 /* SettingsViewController.swift */,
				B7F1182E1FD97AA7008E5340 /* Profile */,
				B7780C291FCFEFA40093A2C9 /* Plans */,
				B76AF5791FD82A0E00F51D7F /* Bank */,
				B7F1182C1FD97A71008E5340 /* AutoPay */,
			);
			path = Settings;
			sourceTree = "<group>";
		};
		B7F1182E1FD97AA7008E5340 /* Profile */ = {
			isa = PBXGroup;
			children = (
				D35FED5B1FD7FE78005C8606 /* ProfileViewController.swift */,
			);
			path = Profile;
			sourceTree = "<group>";
		};
		D34FAC4C1FCFECB60008A8AF /* Resources */ = {
			isa = PBXGroup;
			children = (
				D3E8CC871FD969DD00D9BDC7 /* coffee.png */,
				D3E8CC881FD969DD00D9BDC7 /* headphones.png */,
				D3E8CC861FD969DD00D9BDC7 /* shoes.png */,
				D3E8CC851FD969DD00D9BDC7 /* tickets.png */,
				B7F118251FD96DD1008E5340 /* bankPic.png */,
				B7F118241FD96DD1008E5340 /* signOut.png */,
				E823DB771FD14A6600A427D9 /* account-circle.png */,
				B7F1181B1FD96958008E5340 /* autopay.png */,
				E823DB871FD14D7800A427D9 /* backbutton.png */,
				E823DB751FD14A6600A427D9 /* background.png */,
				B7F118211FD969DC008E5340 /* bankBuilding.png */,
				B783915D1FD80CB9004FB5AB /* barclay.png */,
				B783915A1FD80CAF004FB5AB /* boa.png */,
				E823DB831FD14D7800A427D9 /* box.png */,
				B783915C1FD80CB6004FB5AB /* chase.png */,
				E823DB781FD14A6600A427D9 /* first screen.png */,
				B78391681FD81241004FB5AB /* forward.png */,
				B735301A1FD18998007FF4B4 /* graduated.png */,
				E823DB731FD14A6500A427D9 /* Group.png */,
				B7F62D511FD7E8160010CC7B /* hamburger.png */,
				E815D50C1FD01136005CB34F /* hat30.png */,
				E815D5031FD003B3005CB34F /* house.png */,
				B783915B1FD80CB2004FB5AB /* hsbc.png */,
				B735301B1FD18999007FF4B4 /* IBR.png */,
				E815D5101FD01365005CB34F /* icons */,
				B76AF5721FD81F7200F51D7F /* icons8-forward-100.png */,
				B7F62D561FD7E91D0010CC7B /* icons8-menu-30.png */,
				B76AF5711FD81F7000F51D7F /* icons8-plus-100.png */,
				B7F62D551FD7E91B0010CC7B /* icons8-settings-30.png */,
				B7F62D531FD7E8C40010CC7B /* icons8-settings-50.png */,
				E823DB741FD14A6500A427D9 /* iPhone SE.png */,
				B73530151FD15FC7007FF4B4 /* loana.png */,
				E823DB7A1FD14A6600A427D9 /* lock-open.png */,
				B7F118231FD96AA7008E5340 /* logout.png */,
				E815D5041FD003B4005CB34F /* money.png */,
				E823DB851FD14D7800A427D9 /* new plan.png */,
				E823DB791FD14A6600A427D9 /* noun_125155_cc.png */,
				E823DB761FD14A6600A427D9 /* noun_1098185_cc.png */,
				E823DB841FD14D7800A427D9 /* plans.png */,
				B7F118191FD96950008E5340 /* plansList.png */,
				B78391691FD81241004FB5AB /* plus.png */,
				B7F1181A1FD96953008E5340 /* profile.png */,
				E8064B421FD8201E003C83DA /* progress_tree_1.png */,
				E8064B401FD8201E003C83DA /* progress_tree_2.png */,
				E8064B431FD8201E003C83DA /* progress_tree_3.png */,
				E8064B411FD8201E003C83DA /* progress_tree_4.png */,
				E8064B441FD8201F003C83DA /* progress_tree_5.png */,
				E8064B3F1FD8201D003C83DA /* progress_tree_6.png */,
				B73530191FD18998007FF4B4 /* standard.png */,
				B774C83B1FCFFA5E009DFC76 /* wallet.png */,
				B783915E1FD80CBC004FB5AB /* wellsFargo.png */,
				E823DB861FD14D7800A427D9 /* widebox.png */,
			);
			path = Resources;
			sourceTree = "<group>";
		};
		E815D4EF1FCFDFC9005CB34F /* SignUp */ = {
			isa = PBXGroup;
			children = (
				E815D4F01FCFDFEC005CB34F /* SignUpViewController.swift */,
				D34FAC591FCFF6F80008A8AF /* SignUpInfo1ViewController.swift */,
				B766CC7E1FD0FC4200495638 /* SignUpInfo2ViewController.swift */,
			);
			name = SignUp;
			path = "New Group";
			sourceTree = "<group>";
		};
/* End PBXGroup section */

/* Begin PBXNativeTarget section */
		B7A264A01FBF996400893AFE /* Loana */ = {
			isa = PBXNativeTarget;
			buildConfigurationList = B7A264B61FBF996400893AFE /* Build configuration list for PBXNativeTarget "Loana" */;
			buildPhases = (
				E8C72F6397730EA4757B93BB /* [CP] Check Pods Manifest.lock */,
				B7A2649D1FBF996400893AFE /* Sources */,
				B7A2649E1FBF996400893AFE /* Frameworks */,
				B7A2649F1FBF996400893AFE /* Resources */,
				F38252AFF305C0300F2521E3 /* [CP] Embed Pods Frameworks */,
				AD0CD51F437C32E153ED1898 /* [CP] Copy Pods Resources */,
			);
			buildRules = (
			);
			dependencies = (
			);
			name = Loana;
			productName = Loana;
			productReference = B7A264A11FBF996400893AFE /* Loana.app */;
			productType = "com.apple.product-type.application";
		};
/* End PBXNativeTarget section */

/* Begin PBXProject section */
		B7A264991FBF996400893AFE /* Project object */ = {
			isa = PBXProject;
			attributes = {
				LastSwiftUpdateCheck = 0910;
				LastUpgradeCheck = 0910;
				ORGANIZATIONNAME = "Jiwoo Lee";
				TargetAttributes = {
					B7A264A01FBF996400893AFE = {
						CreatedOnToolsVersion = 9.1;
						ProvisioningStyle = Automatic;
					};
				};
			};
			buildConfigurationList = B7A2649C1FBF996400893AFE /* Build configuration list for PBXProject "Loana" */;
			compatibilityVersion = "Xcode 8.0";
			developmentRegion = en;
			hasScannedForEncodings = 0;
			knownRegions = (
				en,
				Base,
			);
			mainGroup = B7A264981FBF996400893AFE;
			productRefGroup = B7A264A21FBF996400893AFE /* Products */;
			projectDirPath = "";
			projectRoot = "";
			targets = (
				B7A264A01FBF996400893AFE /* Loana */,
			);
		};
/* End PBXProject section */

/* Begin PBXResourcesBuildPhase section */
		B7A2649F1FBF996400893AFE /* Resources */ = {
			isa = PBXResourcesBuildPhase;
			buildActionMask = 2147483647;
			files = (
				B78391611FD80CC0004FB5AB /* chase.png in Resources */,
				B783915F1FD80CC0004FB5AB /* boa.png in Resources */,
				E823DB8A1FD14D7800A427D9 /* new plan.png in Resources */,
				E8064B451FD8201F003C83DA /* progress_tree_6.png in Resources */,
				B73530161FD15FC8007FF4B4 /* loana.png in Resources */,
				B76AF5731FD81F7400F51D7F /* icons8-plus-100.png in Resources */,
				B735301C1FD18999007FF4B4 /* standard.png in Resources */,
				B7F118261FD96DD1008E5340 /* signOut.png in Resources */,
				B7A264B21FBF996400893AFE /* LaunchScreen.storyboard in Resources */,
				B7F1181E1FD9695C008E5340 /* plansList.png in Resources */,
				E823DB801FD14A6600A427D9 /* first screen.png in Resources */,
				D3E8CC891FD969DE00D9BDC7 /* tickets.png in Resources */,
				E823DB7B1FD14A6600A427D9 /* Group.png in Resources */,
				E823DB7D1FD14A6600A427D9 /* background.png in Resources */,
				B78391621FD80CC0004FB5AB /* barclay.png in Resources */,
				B7F62D571FD7E91F0010CC7B /* icons8-settings-30.png in Resources */,
				B783916B1FD81241004FB5AB /* plus.png in Resources */,
				E815D5111FD01366005CB34F /* icons in Resources */,
				B7F118271FD96DD1008E5340 /* bankPic.png in Resources */,
				E8064B461FD8201F003C83DA /* progress_tree_2.png in Resources */,
				B7A264AF1FBF996400893AFE /* Assets.xcassets in Resources */,
				E8064B4A1FD8201F003C83DA /* progress_tree_5.png in Resources */,
				E823DB881FD14D7800A427D9 /* box.png in Resources */,
				B783916A1FD81241004FB5AB /* forward.png in Resources */,
				B7F62D581FD7E91F0010CC7B /* icons8-menu-30.png in Resources */,
				E8064B491FD8201F003C83DA /* progress_tree_3.png in Resources */,
				B735301E1FD18999007FF4B4 /* IBR.png in Resources */,
				E815D50D1FD01136005CB34F /* hat30.png in Resources */,
				B7F118201FD9695C008E5340 /* autopay.png in Resources */,
				E8064B481FD8201F003C83DA /* progress_tree_1.png in Resources */,
				B78391601FD80CC0004FB5AB /* hsbc.png in Resources */,
				E823DB8C1FD14D7800A427D9 /* backbutton.png in Resources */,
				D3E8CC8A1FD969DE00D9BDC7 /* shoes.png in Resources */,
				B774C83E1FCFFA5E009DFC76 /* wallet.png in Resources */,
				E823DB821FD14A6600A427D9 /* lock-open.png in Resources */,
				B7F1181F1FD9695C008E5340 /* profile.png in Resources */,
				B7F62D521FD7E8180010CC7B /* hamburger.png in Resources */,
				D3E8CC8C1FD969DE00D9BDC7 /* headphones.png in Resources */,
				E815D5071FD003B5005CB34F /* money.png in Resources */,
				E823DB8B1FD14D7800A427D9 /* widebox.png in Resources */,
				B76AF5741FD81F7400F51D7F /* icons8-forward-100.png in Resources */,
				E823DB7C1FD14A6600A427D9 /* iPhone SE.png in Resources */,
				B735301D1FD18999007FF4B4 /* graduated.png in Resources */,
				E823DB811FD14A6600A427D9 /* noun_125155_cc.png in Resources */,
				B78391631FD80CC0004FB5AB /* wellsFargo.png in Resources */,
				E823DB7F1FD14A6600A427D9 /* account-circle.png in Resources */,
				D3E8CC8B1FD969DE00D9BDC7 /* coffee.png in Resources */,
				E823DB891FD14D7800A427D9 /* plans.png in Resources */,
				B7F62D541FD7E8C50010CC7B /* icons8-settings-50.png in Resources */,
				E815D5061FD003B5005CB34F /* house.png in Resources */,
				E8064B471FD8201F003C83DA /* progress_tree_4.png in Resources */,
				E823DB7E1FD14A6600A427D9 /* noun_1098185_cc.png in Resources */,
				B7A264AA1FBF996400893AFE /* Main.storyboard in Resources */,
			);
			runOnlyForDeploymentPostprocessing = 0;
		};
/* End PBXResourcesBuildPhase section */

/* Begin PBXShellScriptBuildPhase section */
		AD0CD51F437C32E153ED1898 /* [CP] Copy Pods Resources */ = {
			isa = PBXShellScriptBuildPhase;
			buildActionMask = 2147483647;
			files = (
			);
			inputPaths = (
			);
			name = "[CP] Copy Pods Resources";
			outputPaths = (
			);
			runOnlyForDeploymentPostprocessing = 0;
			shellPath = /bin/sh;
			shellScript = "\"${SRCROOT}/Pods/Target Support Files/Pods-Loana/Pods-Loana-resources.sh\"\n";
			showEnvVarsInLog = 0;
		};
		E8C72F6397730EA4757B93BB /* [CP] Check Pods Manifest.lock */ = {
			isa = PBXShellScriptBuildPhase;
			buildActionMask = 2147483647;
			files = (
			);
			inputPaths = (
				"${PODS_PODFILE_DIR_PATH}/Podfile.lock",
				"${PODS_ROOT}/Manifest.lock",
			);
			name = "[CP] Check Pods Manifest.lock";
			outputPaths = (
				"$(DERIVED_FILE_DIR)/Pods-Loana-checkManifestLockResult.txt",
			);
			runOnlyForDeploymentPostprocessing = 0;
			shellPath = /bin/sh;
			shellScript = "diff \"${PODS_PODFILE_DIR_PATH}/Podfile.lock\" \"${PODS_ROOT}/Manifest.lock\" > /dev/null\nif [ $? != 0 ] ; then\n    # print error to STDERR\n    echo \"error: The sandbox is not in sync with the Podfile.lock. Run 'pod install' or update your CocoaPods installation.\" >&2\n    exit 1\nfi\n# This output is used by Xcode 'outputs' to avoid re-running this script phase.\necho \"SUCCESS\" > \"${SCRIPT_OUTPUT_FILE_0}\"\n";
			showEnvVarsInLog = 0;
		};
		F38252AFF305C0300F2521E3 /* [CP] Embed Pods Frameworks */ = {
			isa = PBXShellScriptBuildPhase;
			buildActionMask = 2147483647;
			files = (
			);
			inputPaths = (
				"${SRCROOT}/Pods/Target Support Files/Pods-Loana/Pods-Loana-frameworks.sh",
				"${BUILT_PRODUCTS_DIR}/Charts/Charts.framework",
			);
			name = "[CP] Embed Pods Frameworks";
			outputPaths = (
				"${TARGET_BUILD_DIR}/${FRAMEWORKS_FOLDER_PATH}/Charts.framework",
			);
			runOnlyForDeploymentPostprocessing = 0;
			shellPath = /bin/sh;
			shellScript = "\"${SRCROOT}/Pods/Target Support Files/Pods-Loana/Pods-Loana-frameworks.sh\"\n";
			showEnvVarsInLog = 0;
		};
/* End PBXShellScriptBuildPhase section */

/* Begin PBXSourcesBuildPhase section */
		B7A2649D1FBF996400893AFE /* Sources */ = {
			isa = PBXSourcesBuildPhase;
			buildActionMask = 2147483647;
			files = (
				B7E9B9231FCF6FF000234840 /* Session.swift in Sources */,
				B78391571FD7F50C004FB5AB /* MainPageViewController.swift in Sources */,
				B7F118291FD9786E008E5340 /* AutopayViewController.swift in Sources */,
				B78391591FD80AED004FB5AB /* BankViewController.swift in Sources */,
				B76AF57F1FD92A2800F51D7F /* BankAccount.swift in Sources */,
				B7780C281FCFC92F0093A2C9 /* PlanDetailViewController.swift in Sources */,
				B7A264A71FBF996400893AFE /* ViewController.swift in Sources */,
				B76AF5781FD8266B00F51D7F /* LinkAccountViewController.swift in Sources */,
				B78391671FD81087004FB5AB /* AddCollectionViewCell.swift in Sources */,
				B766CC7F1FD0FC4300495638 /* SignUpInfo2ViewController.swift in Sources */,
				B7E9B9211FCF6EF000234840 /* User.swift in Sources */,
				B78391651FD80EA1004FB5AB /* BankCollectionViewCell.swift in Sources */,
				D35FED5C1FD7FE78005C8606 /* ProfileViewController.swift in Sources */,
				D3E8CC841FD9620400D9BDC7 /* CoffeeVisualisationController.swift in Sources */,
				B73530181FD176C8007FF4B4 /* PlansCollectionViewCell.swift in Sources */,
				B766CC791FCFFEA600495638 /* HomeViewController.swift in Sources */,
				B76AF57B1FD82AFA00F51D7F /* LinkAccount2ViewController.swift in Sources */,
				E825CC6B1FD9572800A256F9 /* ManualPayController.swift in Sources */,
				B7E9B9271FCF711700234840 /* Loan.swift in Sources */,
				B76AF57D1FD927E200F51D7F /* LinkAccount3ViewController.swift in Sources */,
				B7A264A51FBF996400893AFE /* AppDelegate.swift in Sources */,
				B766CC7D1FD0131200495638 /* NavigationViewController.swift in Sources */,
				B774C8391FCFF4AB009DFC76 /* SettingsViewController.swift in Sources */,
				E815D4F31FCFE1C1005CB34F /* RepaymentPlan.swift in Sources */,
				B7E9B9251FCF710C00234840 /* LoanFinder.swift in Sources */,
				E8064B4C1FD82370003C83DA /* TreeController.swift in Sources */,
				E8064B3E1FD7FC8A003C83DA /* Graph1Controller.swift in Sources */,
				E815D4F11FCFDFEC005CB34F /* SignUpViewController.swift in Sources */,
				B7E9B91F1FCF6E2300234840 /* TabBarViewController.swift in Sources */,
				B7E9B92A1FCF773A00234840 /* LoginViewController.swift in Sources */,
				D34FAC5A1FCFF6F80008A8AF /* SignUpInfo1ViewController.swift in Sources */,
				B76AF5761FD8261400F51D7F /* BankCompanyCollectionViewCell.swift in Sources */,
				B7A264AD1FBF996400893AFE /* Loana.xcdatamodeld in Sources */,
				E825CC6D1FD960A700A256F9 /* Util.swift in Sources */,
				B7780C221FCFB67A0093A2C9 /* PlansViewController.swift in Sources */,
				B766CC7B1FD00C0400495638 /* NavigationBar.swift in Sources */,
			);
			runOnlyForDeploymentPostprocessing = 0;
		};
/* End PBXSourcesBuildPhase section */

/* Begin PBXVariantGroup section */
		B7A264A81FBF996400893AFE /* Main.storyboard */ = {
			isa = PBXVariantGroup;
			children = (
				B7A264A91FBF996400893AFE /* Base */,
			);
			name = Main.storyboard;
			sourceTree = "<group>";
		};
		B7A264B01FBF996400893AFE /* LaunchScreen.storyboard */ = {
			isa = PBXVariantGroup;
			children = (
				B7A264B11FBF996400893AFE /* Base */,
			);
			name = LaunchScreen.storyboard;
			sourceTree = "<group>";
		};
/* End PBXVariantGroup section */

/* Begin XCBuildConfiguration section */
		B7A264B41FBF996400893AFE /* Debug */ = {
			isa = XCBuildConfiguration;
			buildSettings = {
				ALWAYS_SEARCH_USER_PATHS = NO;
				CLANG_ANALYZER_NONNULL = YES;
				CLANG_ANALYZER_NUMBER_OBJECT_CONVERSION = YES_AGGRESSIVE;
				CLANG_CXX_LANGUAGE_STANDARD = "gnu++14";
				CLANG_CXX_LIBRARY = "libc++";
				CLANG_ENABLE_MODULES = YES;
				CLANG_ENABLE_OBJC_ARC = YES;
				CLANG_WARN_BLOCK_CAPTURE_AUTORELEASING = YES;
				CLANG_WARN_BOOL_CONVERSION = YES;
				CLANG_WARN_COMMA = YES;
				CLANG_WARN_CONSTANT_CONVERSION = YES;
				CLANG_WARN_DIRECT_OBJC_ISA_USAGE = YES_ERROR;
				CLANG_WARN_DOCUMENTATION_COMMENTS = YES;
				CLANG_WARN_EMPTY_BODY = YES;
				CLANG_WARN_ENUM_CONVERSION = YES;
				CLANG_WARN_INFINITE_RECURSION = YES;
				CLANG_WARN_INT_CONVERSION = YES;
				CLANG_WARN_NON_LITERAL_NULL_CONVERSION = YES;
				CLANG_WARN_OBJC_LITERAL_CONVERSION = YES;
				CLANG_WARN_OBJC_ROOT_CLASS = YES_ERROR;
				CLANG_WARN_RANGE_LOOP_ANALYSIS = YES;
				CLANG_WARN_STRICT_PROTOTYPES = YES;
				CLANG_WARN_SUSPICIOUS_MOVE = YES;
				CLANG_WARN_UNGUARDED_AVAILABILITY = YES_AGGRESSIVE;
				CLANG_WARN_UNREACHABLE_CODE = YES;
				CLANG_WARN__DUPLICATE_METHOD_MATCH = YES;
				CODE_SIGN_IDENTITY = "iPhone Developer";
				COPY_PHASE_STRIP = NO;
				DEBUG_INFORMATION_FORMAT = dwarf;
				ENABLE_STRICT_OBJC_MSGSEND = YES;
				ENABLE_TESTABILITY = YES;
				GCC_C_LANGUAGE_STANDARD = gnu11;
				GCC_DYNAMIC_NO_PIC = NO;
				GCC_NO_COMMON_BLOCKS = YES;
				GCC_OPTIMIZATION_LEVEL = 0;
				GCC_PREPROCESSOR_DEFINITIONS = (
					"DEBUG=1",
					"$(inherited)",
				);
				GCC_WARN_64_TO_32_BIT_CONVERSION = YES;
				GCC_WARN_ABOUT_RETURN_TYPE = YES_ERROR;
				GCC_WARN_UNDECLARED_SELECTOR = YES;
				GCC_WARN_UNINITIALIZED_AUTOS = YES_AGGRESSIVE;
				GCC_WARN_UNUSED_FUNCTION = YES;
				GCC_WARN_UNUSED_VARIABLE = YES;
				IPHONEOS_DEPLOYMENT_TARGET = 11.1;
				MTL_ENABLE_DEBUG_INFO = YES;
				ONLY_ACTIVE_ARCH = YES;
				SDKROOT = iphoneos;
				SWIFT_ACTIVE_COMPILATION_CONDITIONS = DEBUG;
				SWIFT_OPTIMIZATION_LEVEL = "-Onone";
			};
			name = Debug;
		};
		B7A264B51FBF996400893AFE /* Release */ = {
			isa = XCBuildConfiguration;
			buildSettings = {
				ALWAYS_SEARCH_USER_PATHS = NO;
				CLANG_ANALYZER_NONNULL = YES;
				CLANG_ANALYZER_NUMBER_OBJECT_CONVERSION = YES_AGGRESSIVE;
				CLANG_CXX_LANGUAGE_STANDARD = "gnu++14";
				CLANG_CXX_LIBRARY = "libc++";
				CLANG_ENABLE_MODULES = YES;
				CLANG_ENABLE_OBJC_ARC = YES;
				CLANG_WARN_BLOCK_CAPTURE_AUTORELEASING = YES;
				CLANG_WARN_BOOL_CONVERSION = YES;
				CLANG_WARN_COMMA = YES;
				CLANG_WARN_CONSTANT_CONVERSION = YES;
				CLANG_WARN_DIRECT_OBJC_ISA_USAGE = YES_ERROR;
				CLANG_WARN_DOCUMENTATION_COMMENTS = YES;
				CLANG_WARN_EMPTY_BODY = YES;
				CLANG_WARN_ENUM_CONVERSION = YES;
				CLANG_WARN_INFINITE_RECURSION = YES;
				CLANG_WARN_INT_CONVERSION = YES;
				CLANG_WARN_NON_LITERAL_NULL_CONVERSION = YES;
				CLANG_WARN_OBJC_LITERAL_CONVERSION = YES;
				CLANG_WARN_OBJC_ROOT_CLASS = YES_ERROR;
				CLANG_WARN_RANGE_LOOP_ANALYSIS = YES;
				CLANG_WARN_STRICT_PROTOTYPES = YES;
				CLANG_WARN_SUSPICIOUS_MOVE = YES;
				CLANG_WARN_UNGUARDED_AVAILABILITY = YES_AGGRESSIVE;
				CLANG_WARN_UNREACHABLE_CODE = YES;
				CLANG_WARN__DUPLICATE_METHOD_MATCH = YES;
				CODE_SIGN_IDENTITY = "iPhone Developer";
				COPY_PHASE_STRIP = NO;
				DEBUG_INFORMATION_FORMAT = "dwarf-with-dsym";
				ENABLE_NS_ASSERTIONS = NO;
				ENABLE_STRICT_OBJC_MSGSEND = YES;
				GCC_C_LANGUAGE_STANDARD = gnu11;
				GCC_NO_COMMON_BLOCKS = YES;
				GCC_WARN_64_TO_32_BIT_CONVERSION = YES;
				GCC_WARN_ABOUT_RETURN_TYPE = YES_ERROR;
				GCC_WARN_UNDECLARED_SELECTOR = YES;
				GCC_WARN_UNINITIALIZED_AUTOS = YES_AGGRESSIVE;
				GCC_WARN_UNUSED_FUNCTION = YES;
				GCC_WARN_UNUSED_VARIABLE = YES;
				IPHONEOS_DEPLOYMENT_TARGET = 11.1;
				MTL_ENABLE_DEBUG_INFO = NO;
				SDKROOT = iphoneos;
				SWIFT_OPTIMIZATION_LEVEL = "-Owholemodule";
				VALIDATE_PRODUCT = YES;
			};
			name = Release;
		};
		B7A264B71FBF996400893AFE /* Debug */ = {
			isa = XCBuildConfiguration;
			baseConfigurationReference = 55B4C0A69947756DBD5593A8 /* Pods-Loana.debug.xcconfig */;
			buildSettings = {
				ASSETCATALOG_COMPILER_APPICON_NAME = AppIcon;
				CODE_SIGN_STYLE = Automatic;
				DEVELOPMENT_TEAM = 2TF57A6Q8P;
				INFOPLIST_FILE = Loana/Info.plist;
				IPHONEOS_DEPLOYMENT_TARGET = 10.0;
				LD_RUNPATH_SEARCH_PATHS = "$(inherited) @executable_path/Frameworks";
				PRODUCT_BUNDLE_IDENTIFIER = Loana.Loana;
				PRODUCT_NAME = "$(TARGET_NAME)";
				SWIFT_VERSION = 4.0;
				TARGETED_DEVICE_FAMILY = "1,2";
			};
			name = Debug;
		};
		B7A264B81FBF996400893AFE /* Release */ = {
			isa = XCBuildConfiguration;
			baseConfigurationReference = 98A6443EEE8959902679B3F7 /* Pods-Loana.release.xcconfig */;
			buildSettings = {
				ASSETCATALOG_COMPILER_APPICON_NAME = AppIcon;
				CODE_SIGN_STYLE = Automatic;
				DEVELOPMENT_TEAM = 2TF57A6Q8P;
				INFOPLIST_FILE = Loana/Info.plist;
				IPHONEOS_DEPLOYMENT_TARGET = 10.0;
				LD_RUNPATH_SEARCH_PATHS = "$(inherited) @executable_path/Frameworks";
				PRODUCT_BUNDLE_IDENTIFIER = Loana.Loana;
				PRODUCT_NAME = "$(TARGET_NAME)";
				SWIFT_VERSION = 4.0;
				TARGETED_DEVICE_FAMILY = "1,2";
			};
			name = Release;
		};
/* End XCBuildConfiguration section */

/* Begin XCConfigurationList section */
		B7A2649C1FBF996400893AFE /* Build configuration list for PBXProject "Loana" */ = {
			isa = XCConfigurationList;
			buildConfigurations = (
				B7A264B41FBF996400893AFE /* Debug */,
				B7A264B51FBF996400893AFE /* Release */,
			);
			defaultConfigurationIsVisible = 0;
			defaultConfigurationName = Release;
		};
		B7A264B61FBF996400893AFE /* Build configuration list for PBXNativeTarget "Loana" */ = {
			isa = XCConfigurationList;
			buildConfigurations = (
				B7A264B71FBF996400893AFE /* Debug */,
				B7A264B81FBF996400893AFE /* Release */,
			);
			defaultConfigurationIsVisible = 0;
			defaultConfigurationName = Release;
		};
/* End XCConfigurationList section */

/* Begin XCVersionGroup section */
		B7A264AB1FBF996400893AFE /* Loana.xcdatamodeld */ = {
			isa = XCVersionGroup;
			children = (
				B7A264AC1FBF996400893AFE /* Loana.xcdatamodel */,
			);
			currentVersion = B7A264AC1FBF996400893AFE /* Loana.xcdatamodel */;
			path = Loana.xcdatamodeld;
			sourceTree = "<group>";
			versionGroupType = wrapper.xcdatamodel;
		};
/* End XCVersionGroup section */
	};
	rootObject = B7A264991FBF996400893AFE /* Project object */;
}
