// !$*UTF8*$!
{
	archiveVersion = 1;
	classes = {
	};
	objectVersion = 48;
	objects = {

/* Begin PBXBuildFile section */
		B766CC791FCFFEA600495638 /* HomeViewController.swift in Sources */ = {isa = PBXBuildFile; fileRef = B766CC781FCFFEA600495638 /* HomeViewController.swift */; };
		B766CC7B1FD00C0400495638 /* NavigationBar.swift in Sources */ = {isa = PBXBuildFile; fileRef = B766CC7A1FD00C0400495638 /* NavigationBar.swift */; };
		B766CC7D1FD0131200495638 /* NavigationViewController.swift in Sources */ = {isa = PBXBuildFile; fileRef = B766CC7C1FD0131200495638 /* NavigationViewController.swift */; };
		B766CC7F1FD0FC4300495638 /* SignUpInfo2ViewController.swift in Sources */ = {isa = PBXBuildFile; fileRef = B766CC7E1FD0FC4200495638 /* SignUpInfo2ViewController.swift */; };
		B774C8391FCFF4AB009DFC76 /* SettingsViewController.swift in Sources */ = {isa = PBXBuildFile; fileRef = B774C8381FCFF4AB009DFC76 /* SettingsViewController.swift */; };
		B774C83E1FCFFA5E009DFC76 /* wallet.png in Resources */ = {isa = PBXBuildFile; fileRef = B774C83B1FCFFA5E009DFC76 /* wallet.png */; };
		B7780C221FCFB67A0093A2C9 /* PlansViewController.swift in Sources */ = {isa = PBXBuildFile; fileRef = B7780C211FCFB67A0093A2C9 /* PlansViewController.swift */; };
		B7780C261FCFBCDE0093A2C9 /* PlansTableViewCell.swift in Sources */ = {isa = PBXBuildFile; fileRef = B7780C251FCFBCDE0093A2C9 /* PlansTableViewCell.swift */; };
		B7780C281FCFC92F0093A2C9 /* PlanDetailViewController.swift in Sources */ = {isa = PBXBuildFile; fileRef = B7780C271FCFC92F0093A2C9 /* PlanDetailViewController.swift */; };
		B7A264A51FBF996400893AFE /* AppDelegate.swift in Sources */ = {isa = PBXBuildFile; fileRef = B7A264A41FBF996400893AFE /* AppDelegate.swift */; };
		B7A264A71FBF996400893AFE /* ViewController.swift in Sources */ = {isa = PBXBuildFile; fileRef = B7A264A61FBF996400893AFE /* ViewController.swift */; };
		B7A264AA1FBF996400893AFE /* Main.storyboard in Resources */ = {isa = PBXBuildFile; fileRef = B7A264A81FBF996400893AFE /* Main.storyboard */; };
		B7A264AD1FBF996400893AFE /* Loana.xcdatamodeld in Sources */ = {isa = PBXBuildFile; fileRef = B7A264AB1FBF996400893AFE /* Loana.xcdatamodeld */; };
		B7A264AF1FBF996400893AFE /* Assets.xcassets in Resources */ = {isa = PBXBuildFile; fileRef = B7A264AE1FBF996400893AFE /* Assets.xcassets */; };
		B7A264B21FBF996400893AFE /* LaunchScreen.storyboard in Resources */ = {isa = PBXBuildFile; fileRef = B7A264B01FBF996400893AFE /* LaunchScreen.storyboard */; };
		B7E9B91D1FCF65B000234840 /* WelcomeViewController.swift in Sources */ = {isa = PBXBuildFile; fileRef = B7E9B91C1FCF65B000234840 /* WelcomeViewController.swift */; };
		B7E9B91F1FCF6E2300234840 /* TabBarViewController.swift in Sources */ = {isa = PBXBuildFile; fileRef = B7E9B91E1FCF6E2300234840 /* TabBarViewController.swift */; };
		B7E9B9211FCF6EF000234840 /* User.swift in Sources */ = {isa = PBXBuildFile; fileRef = B7E9B9201FCF6EF000234840 /* User.swift */; };
		B7E9B9231FCF6FF000234840 /* Session.swift in Sources */ = {isa = PBXBuildFile; fileRef = B7E9B9221FCF6FF000234840 /* Session.swift */; };
		B7E9B9251FCF710C00234840 /* LoanFinder.swift in Sources */ = {isa = PBXBuildFile; fileRef = B7E9B9241FCF710C00234840 /* LoanFinder.swift */; };
		B7E9B9271FCF711700234840 /* Loan.swift in Sources */ = {isa = PBXBuildFile; fileRef = B7E9B9261FCF711700234840 /* Loan.swift */; };
		B7E9B92A1FCF773A00234840 /* LoginViewController.swift in Sources */ = {isa = PBXBuildFile; fileRef = B7E9B9291FCF773A00234840 /* LoginViewController.swift */; };
		D34FAC5A1FCFF6F80008A8AF /* SignUpInfo1ViewController.swift in Sources */ = {isa = PBXBuildFile; fileRef = D34FAC591FCFF6F80008A8AF /* SignUpInfo1ViewController.swift */; };
		E815D4F11FCFDFEC005CB34F /* SignUpViewController.swift in Sources */ = {isa = PBXBuildFile; fileRef = E815D4F01FCFDFEC005CB34F /* SignUpViewController.swift */; };
		E815D4F31FCFE1C1005CB34F /* RepaymentPlan.swift in Sources */ = {isa = PBXBuildFile; fileRef = E815D4F21FCFE1C1005CB34F /* RepaymentPlan.swift */; };
		E815D5061FD003B5005CB34F /* house.png in Resources */ = {isa = PBXBuildFile; fileRef = E815D5031FD003B3005CB34F /* house.png */; };
		E815D5071FD003B5005CB34F /* money.png in Resources */ = {isa = PBXBuildFile; fileRef = E815D5041FD003B4005CB34F /* money.png */; };
		E815D50D1FD01136005CB34F /* hat30.png in Resources */ = {isa = PBXBuildFile; fileRef = E815D50C1FD01136005CB34F /* hat30.png */; };
		E815D5111FD01366005CB34F /* icons in Resources */ = {isa = PBXBuildFile; fileRef = E815D5101FD01365005CB34F /* icons */; };
/* End PBXBuildFile section */

/* Begin PBXFileReference section */
		B766CC781FCFFEA600495638 /* HomeViewController.swift */ = {isa = PBXFileReference; lastKnownFileType = sourcecode.swift; path = HomeViewController.swift; sourceTree = "<group>"; };
		B766CC7A1FD00C0400495638 /* NavigationBar.swift */ = {isa = PBXFileReference; lastKnownFileType = sourcecode.swift; path = NavigationBar.swift; sourceTree = "<group>"; };
		B766CC7C1FD0131200495638 /* NavigationViewController.swift */ = {isa = PBXFileReference; lastKnownFileType = sourcecode.swift; path = NavigationViewController.swift; sourceTree = "<group>"; };
		B766CC7E1FD0FC4200495638 /* SignUpInfo2ViewController.swift */ = {isa = PBXFileReference; lastKnownFileType = sourcecode.swift; path = SignUpInfo2ViewController.swift; sourceTree = "<group>"; };
		B774C8381FCFF4AB009DFC76 /* SettingsViewController.swift */ = {isa = PBXFileReference; lastKnownFileType = sourcecode.swift; path = SettingsViewController.swift; sourceTree = "<group>"; };
		B774C83B1FCFFA5E009DFC76 /* wallet.png */ = {isa = PBXFileReference; lastKnownFileType = image.png; path = wallet.png; sourceTree = "<group>"; };
		B7780C211FCFB67A0093A2C9 /* PlansViewController.swift */ = {isa = PBXFileReference; lastKnownFileType = sourcecode.swift; path = PlansViewController.swift; sourceTree = "<group>"; };
		B7780C251FCFBCDE0093A2C9 /* PlansTableViewCell.swift */ = {isa = PBXFileReference; lastKnownFileType = sourcecode.swift; path = PlansTableViewCell.swift; sourceTree = "<group>"; };
		B7780C271FCFC92F0093A2C9 /* PlanDetailViewController.swift */ = {isa = PBXFileReference; lastKnownFileType = sourcecode.swift; path = PlanDetailViewController.swift; sourceTree = "<group>"; };
		B7A264A11FBF996400893AFE /* Loana.app */ = {isa = PBXFileReference; explicitFileType = wrapper.application; includeInIndex = 0; path = Loana.app; sourceTree = BUILT_PRODUCTS_DIR; };
		B7A264A41FBF996400893AFE /* AppDelegate.swift */ = {isa = PBXFileReference; lastKnownFileType = sourcecode.swift; path = AppDelegate.swift; sourceTree = "<group>"; };
		B7A264A61FBF996400893AFE /* ViewController.swift */ = {isa = PBXFileReference; lastKnownFileType = sourcecode.swift; path = ViewController.swift; sourceTree = "<group>"; };
		B7A264A91FBF996400893AFE /* Base */ = {isa = PBXFileReference; lastKnownFileType = file.storyboard; name = Base; path = Base.lproj/Main.storyboard; sourceTree = "<group>"; };
		B7A264AC1FBF996400893AFE /* Loana.xcdatamodel */ = {isa = PBXFileReference; lastKnownFileType = wrapper.xcdatamodel; path = Loana.xcdatamodel; sourceTree = "<group>"; };
		B7A264AE1FBF996400893AFE /* Assets.xcassets */ = {isa = PBXFileReference; lastKnownFileType = folder.assetcatalog; path = Assets.xcassets; sourceTree = "<group>"; };
		B7A264B11FBF996400893AFE /* Base */ = {isa = PBXFileReference; lastKnownFileType = file.storyboard; name = Base; path = Base.lproj/LaunchScreen.storyboard; sourceTree = "<group>"; };
		B7A264B31FBF996400893AFE /* Info.plist */ = {isa = PBXFileReference; lastKnownFileType = text.plist.xml; path = Info.plist; sourceTree = "<group>"; };
		B7E9B91C1FCF65B000234840 /* WelcomeViewController.swift */ = {isa = PBXFileReference; lastKnownFileType = sourcecode.swift; path = WelcomeViewController.swift; sourceTree = "<group>"; };
		B7E9B91E1FCF6E2300234840 /* TabBarViewController.swift */ = {isa = PBXFileReference; lastKnownFileType = sourcecode.swift; path = TabBarViewController.swift; sourceTree = "<group>"; };
		B7E9B9201FCF6EF000234840 /* User.swift */ = {isa = PBXFileReference; lastKnownFileType = sourcecode.swift; path = User.swift; sourceTree = "<group>"; };
		B7E9B9221FCF6FF000234840 /* Session.swift */ = {isa = PBXFileReference; lastKnownFileType = sourcecode.swift; path = Session.swift; sourceTree = "<group>"; };
		B7E9B9241FCF710C00234840 /* LoanFinder.swift */ = {isa = PBXFileReference; lastKnownFileType = sourcecode.swift; path = LoanFinder.swift; sourceTree = "<group>"; };
		B7E9B9261FCF711700234840 /* Loan.swift */ = {isa = PBXFileReference; lastKnownFileType = sourcecode.swift; path = Loan.swift; sourceTree = "<group>"; };
		B7E9B9291FCF773A00234840 /* LoginViewController.swift */ = {isa = PBXFileReference; lastKnownFileType = sourcecode.swift; path = LoginViewController.swift; sourceTree = "<group>"; };
		D34FAC591FCFF6F80008A8AF /* SignUpInfo1ViewController.swift */ = {isa = PBXFileReference; lastKnownFileType = sourcecode.swift; path = SignUpInfo1ViewController.swift; sourceTree = "<group>"; };
		E815D4F01FCFDFEC005CB34F /* SignUpViewController.swift */ = {isa = PBXFileReference; lastKnownFileType = sourcecode.swift; path = SignUpViewController.swift; sourceTree = "<group>"; };
		E815D4F21FCFE1C1005CB34F /* RepaymentPlan.swift */ = {isa = PBXFileReference; lastKnownFileType = sourcecode.swift; path = RepaymentPlan.swift; sourceTree = "<group>"; };
		E815D5031FD003B3005CB34F /* house.png */ = {isa = PBXFileReference; lastKnownFileType = image.png; path = house.png; sourceTree = "<group>"; };
		E815D5041FD003B4005CB34F /* money.png */ = {isa = PBXFileReference; lastKnownFileType = image.png; path = money.png; sourceTree = "<group>"; };
		E815D50C1FD01136005CB34F /* hat30.png */ = {isa = PBXFileReference; lastKnownFileType = image.png; path = hat30.png; sourceTree = "<group>"; };
		E815D5101FD01365005CB34F /* icons */ = {isa = PBXFileReference; lastKnownFileType = folder; path = icons; sourceTree = "<group>"; };
/* End PBXFileReference section */

/* Begin PBXFrameworksBuildPhase section */
		B7A2649E1FBF996400893AFE /* Frameworks */ = {
			isa = PBXFrameworksBuildPhase;
			buildActionMask = 2147483647;
			files = (
			);
			runOnlyForDeploymentPostprocessing = 0;
		};
/* End PBXFrameworksBuildPhase section */

/* Begin PBXGroup section */
		B766CC801FD0FC9100495638 /* Meta Files */ = {
			isa = PBXGroup;
			children = (
				B7A264A41FBF996400893AFE /* AppDelegate.swift */,
				B7A264A61FBF996400893AFE /* ViewController.swift */,
				B7E9B91E1FCF6E2300234840 /* TabBarViewController.swift */,
				B766CC7C1FD0131200495638 /* NavigationViewController.swift */,
				B766CC7A1FD00C0400495638 /* NavigationBar.swift */,
			);
			path = "Meta Files";
			sourceTree = "<group>";
		};
		B766CC811FD0FCBA00495638 /* LoggedIn */ = {
			isa = PBXGroup;
			children = (
				B774C8381FCFF4AB009DFC76 /* SettingsViewController.swift */,
				B7780C291FCFEFA40093A2C9 /* PlansTab */,
				B766CC821FD0FCD200495638 /* HomeTab */,
			);
			path = LoggedIn;
			sourceTree = "<group>";
		};
		B766CC821FD0FCD200495638 /* HomeTab */ = {
			isa = PBXGroup;
			children = (
				B766CC781FCFFEA600495638 /* HomeViewController.swift */,
			);
			path = HomeTab;
			sourceTree = "<group>";
		};
		B766CC831FD0FCEE00495638 /* LoggedOut */ = {
			isa = PBXGroup;
			children = (
				B7E9B91C1FCF65B000234840 /* WelcomeViewController.swift */,
				E815D4EF1FCFDFC9005CB34F /* SignUp */,
				B7E9B92B1FCF77BD00234840 /* SignIn */,
			);
			path = LoggedOut;
			sourceTree = "<group>";
		};
		B7780C291FCFEFA40093A2C9 /* PlansTab */ = {
			isa = PBXGroup;
			children = (
				B7780C211FCFB67A0093A2C9 /* PlansViewController.swift */,
				B7780C251FCFBCDE0093A2C9 /* PlansTableViewCell.swift */,
				B7780C271FCFC92F0093A2C9 /* PlanDetailViewController.swift */,
			);
			path = PlansTab;
			sourceTree = "<group>";
		};
		B7A264981FBF996400893AFE = {
			isa = PBXGroup;
			children = (
				B7A264A31FBF996400893AFE /* Loana */,
				B7A264A21FBF996400893AFE /* Products */,
			);
			sourceTree = "<group>";
		};
		B7A264A21FBF996400893AFE /* Products */ = {
			isa = PBXGroup;
			children = (
				B7A264A11FBF996400893AFE /* Loana.app */,
			);
			name = Products;
			sourceTree = "<group>";
		};
		B7A264A31FBF996400893AFE /* Loana */ = {
			isa = PBXGroup;
			children = (
				D34FAC4C1FCFECB60008A8AF /* Resources */,
				B766CC831FD0FCEE00495638 /* LoggedOut */,
				B766CC801FD0FC9100495638 /* Meta Files */,
				B7A264A81FBF996400893AFE /* Main.storyboard */,
				B766CC811FD0FCBA00495638 /* LoggedIn */,
				B7E9B9281FCF750B00234840 /* Model */,
				B7A264AE1FBF996400893AFE /* Assets.xcassets */,
				B7A264B01FBF996400893AFE /* LaunchScreen.storyboard */,
				B7A264B31FBF996400893AFE /* Info.plist */,
				B7A264AB1FBF996400893AFE /* Loana.xcdatamodeld */,
			);
			path = Loana;
			sourceTree = "<group>";
		};
		B7E9B9281FCF750B00234840 /* Model */ = {
			isa = PBXGroup;
			children = (
				B7E9B9221FCF6FF000234840 /* Session.swift */,
				B7E9B9241FCF710C00234840 /* LoanFinder.swift */,
				B7E9B9261FCF711700234840 /* Loan.swift */,
				B7E9B9201FCF6EF000234840 /* User.swift */,
				E815D4F21FCFE1C1005CB34F /* RepaymentPlan.swift */,
			);
			path = Model;
			sourceTree = "<group>";
		};
		B7E9B92B1FCF77BD00234840 /* SignIn */ = {
			isa = PBXGroup;
			children = (
				B7E9B9291FCF773A00234840 /* LoginViewController.swift */,
			);
			path = SignIn;
			sourceTree = "<group>";
		};
		D34FAC4C1FCFECB60008A8AF /* Resources */ = {
			isa = PBXGroup;
			children = (
				E815D5101FD01365005CB34F /* icons */,
				E815D50C1FD01136005CB34F /* hat30.png */,
				B774C83B1FCFFA5E009DFC76 /* wallet.png */,
				E815D5031FD003B3005CB34F /* house.png */,
				E815D5041FD003B4005CB34F /* money.png */,
			);
			path = Resources;
			sourceTree = "<group>";
		};
		E815D4EF1FCFDFC9005CB34F /* SignUp */ = {
			isa = PBXGroup;
			children = (
				E815D4F01FCFDFEC005CB34F /* SignUpViewController.swift */,
				D34FAC591FCFF6F80008A8AF /* SignUpInfo1ViewController.swift */,
				B766CC7E1FD0FC4200495638 /* SignUpInfo2ViewController.swift */,
			);
			name = SignUp;
			path = "New Group";
			sourceTree = "<group>";
		};
/* End PBXGroup section */

/* Begin PBXNativeTarget section */
		B7A264A01FBF996400893AFE /* Loana */ = {
			isa = PBXNativeTarget;
			buildConfigurationList = B7A264B61FBF996400893AFE /* Build configuration list for PBXNativeTarget "Loana" */;
			buildPhases = (
				B7A2649D1FBF996400893AFE /* Sources */,
				B7A2649E1FBF996400893AFE /* Frameworks */,
				B7A2649F1FBF996400893AFE /* Resources */,
			);
			buildRules = (
			);
			dependencies = (
			);
			name = Loana;
			productName = Loana;
			productReference = B7A264A11FBF996400893AFE /* Loana.app */;
			productType = "com.apple.product-type.application";
		};
/* End PBXNativeTarget section */

/* Begin PBXProject section */
		B7A264991FBF996400893AFE /* Project object */ = {
			isa = PBXProject;
			attributes = {
				LastSwiftUpdateCheck = 0910;
				LastUpgradeCheck = 0910;
				ORGANIZATIONNAME = "Jiwoo Lee";
				TargetAttributes = {
					B7A264A01FBF996400893AFE = {
						CreatedOnToolsVersion = 9.1;
						ProvisioningStyle = Automatic;
					};
				};
			};
			buildConfigurationList = B7A2649C1FBF996400893AFE /* Build configuration list for PBXProject "Loana" */;
			compatibilityVersion = "Xcode 8.0";
			developmentRegion = en;
			hasScannedForEncodings = 0;
			knownRegions = (
				en,
				Base,
			);
			mainGroup = B7A264981FBF996400893AFE;
			productRefGroup = B7A264A21FBF996400893AFE /* Products */;
			projectDirPath = "";
			projectRoot = "";
			targets = (
				B7A264A01FBF996400893AFE /* Loana */,
			);
		};
/* End PBXProject section */

/* Begin PBXResourcesBuildPhase section */
		B7A2649F1FBF996400893AFE /* Resources */ = {
			isa = PBXResourcesBuildPhase;
			buildActionMask = 2147483647;
			files = (
				B7A264B21FBF996400893AFE /* LaunchScreen.storyboard in Resources */,
				E815D5111FD01366005CB34F /* icons in Resources */,
				B7A264AF1FBF996400893AFE /* Assets.xcassets in Resources */,
				E815D50D1FD01136005CB34F /* hat30.png in Resources */,
				B774C83E1FCFFA5E009DFC76 /* wallet.png in Resources */,
				E815D5071FD003B5005CB34F /* money.png in Resources */,
				E815D5061FD003B5005CB34F /* house.png in Resources */,
				B7A264AA1FBF996400893AFE /* Main.storyboard in Resources */,
			);
			runOnlyForDeploymentPostprocessing = 0;
		};
/* End PBXResourcesBuildPhase section */

/* Begin PBXSourcesBuildPhase section */
		B7A2649D1FBF996400893AFE /* Sources */ = {
			isa = PBXSourcesBuildPhase;
			buildActionMask = 2147483647;
			files = (
				B7E9B9231FCF6FF000234840 /* Session.swift in Sources */,
				B7780C281FCFC92F0093A2C9 /* PlanDetailViewController.swift in Sources */,
				B7A264A71FBF996400893AFE /* ViewController.swift in Sources */,
				B7E9B91D1FCF65B000234840 /* WelcomeViewController.swift in Sources */,
				B766CC7F1FD0FC4300495638 /* SignUpInfo2ViewController.swift in Sources */,
				B7E9B9211FCF6EF000234840 /* User.swift in Sources */,
				B766CC791FCFFEA600495638 /* HomeViewController.swift in Sources */,
				B7E9B9271FCF711700234840 /* Loan.swift in Sources */,
				B7A264A51FBF996400893AFE /* AppDelegate.swift in Sources */,
				B766CC7D1FD0131200495638 /* NavigationViewController.swift in Sources */,
				B774C8391FCFF4AB009DFC76 /* SettingsViewController.swift in Sources */,
				E815D4F31FCFE1C1005CB34F /* RepaymentPlan.swift in Sources */,
				B7E9B9251FCF710C00234840 /* LoanFinder.swift in Sources */,
				E815D4F11FCFDFEC005CB34F /* SignUpViewController.swift in Sources */,
				B7E9B91F1FCF6E2300234840 /* TabBarViewController.swift in Sources */,
				B7780C261FCFBCDE0093A2C9 /* PlansTableViewCell.swift in Sources */,
				B7E9B92A1FCF773A00234840 /* LoginViewController.swift in Sources */,
				D34FAC5A1FCFF6F80008A8AF /* SignUpInfo1ViewController.swift in Sources */,
				B7A264AD1FBF996400893AFE /* Loana.xcdatamodeld in Sources */,
				B7780C221FCFB67A0093A2C9 /* PlansViewController.swift in Sources */,
				B766CC7B1FD00C0400495638 /* NavigationBar.swift in Sources */,
			);
			runOnlyForDeploymentPostprocessing = 0;
		};
/* End PBXSourcesBuildPhase section */

/* Begin PBXVariantGroup section */
		B7A264A81FBF996400893AFE /* Main.storyboard */ = {
			isa = PBXVariantGroup;
			children = (
				B7A264A91FBF996400893AFE /* Base */,
			);
			name = Main.storyboard;
			sourceTree = "<group>";
		};
		B7A264B01FBF996400893AFE /* LaunchScreen.storyboard */ = {
			isa = PBXVariantGroup;
			children = (
				B7A264B11FBF996400893AFE /* Base */,
			);
			name = LaunchScreen.storyboard;
			sourceTree = "<group>";
		};
/* End PBXVariantGroup section */

/* Begin XCBuildConfiguration section */
		B7A264B41FBF996400893AFE /* Debug */ = {
			isa = XCBuildConfiguration;
			buildSettings = {
				ALWAYS_SEARCH_USER_PATHS = NO;
				CLANG_ANALYZER_NONNULL = YES;
				CLANG_ANALYZER_NUMBER_OBJECT_CONVERSION = YES_AGGRESSIVE;
				CLANG_CXX_LANGUAGE_STANDARD = "gnu++14";
				CLANG_CXX_LIBRARY = "libc++";
				CLANG_ENABLE_MODULES = YES;
				CLANG_ENABLE_OBJC_ARC = YES;
				CLANG_WARN_BLOCK_CAPTURE_AUTORELEASING = YES;
				CLANG_WARN_BOOL_CONVERSION = YES;
				CLANG_WARN_COMMA = YES;
				CLANG_WARN_CONSTANT_CONVERSION = YES;
				CLANG_WARN_DIRECT_OBJC_ISA_USAGE = YES_ERROR;
				CLANG_WARN_DOCUMENTATION_COMMENTS = YES;
				CLANG_WARN_EMPTY_BODY = YES;
				CLANG_WARN_ENUM_CONVERSION = YES;
				CLANG_WARN_INFINITE_RECURSION = YES;
				CLANG_WARN_INT_CONVERSION = YES;
				CLANG_WARN_NON_LITERAL_NULL_CONVERSION = YES;
				CLANG_WARN_OBJC_LITERAL_CONVERSION = YES;
				CLANG_WARN_OBJC_ROOT_CLASS = YES_ERROR;
				CLANG_WARN_RANGE_LOOP_ANALYSIS = YES;
				CLANG_WARN_STRICT_PROTOTYPES = YES;
				CLANG_WARN_SUSPICIOUS_MOVE = YES;
				CLANG_WARN_UNGUARDED_AVAILABILITY = YES_AGGRESSIVE;
				CLANG_WARN_UNREACHABLE_CODE = YES;
				CLANG_WARN__DUPLICATE_METHOD_MATCH = YES;
				CODE_SIGN_IDENTITY = "iPhone Developer";
				COPY_PHASE_STRIP = NO;
				DEBUG_INFORMATION_FORMAT = dwarf;
				ENABLE_STRICT_OBJC_MSGSEND = YES;
				ENABLE_TESTABILITY = YES;
				GCC_C_LANGUAGE_STANDARD = gnu11;
				GCC_DYNAMIC_NO_PIC = NO;
				GCC_NO_COMMON_BLOCKS = YES;
				GCC_OPTIMIZATION_LEVEL = 0;
				GCC_PREPROCESSOR_DEFINITIONS = (
					"DEBUG=1",
					"$(inherited)",
				);
				GCC_WARN_64_TO_32_BIT_CONVERSION = YES;
				GCC_WARN_ABOUT_RETURN_TYPE = YES_ERROR;
				GCC_WARN_UNDECLARED_SELECTOR = YES;
				GCC_WARN_UNINITIALIZED_AUTOS = YES_AGGRESSIVE;
				GCC_WARN_UNUSED_FUNCTION = YES;
				GCC_WARN_UNUSED_VARIABLE = YES;
				IPHONEOS_DEPLOYMENT_TARGET = 11.1;
				MTL_ENABLE_DEBUG_INFO = YES;
				ONLY_ACTIVE_ARCH = YES;
				SDKROOT = iphoneos;
				SWIFT_ACTIVE_COMPILATION_CONDITIONS = DEBUG;
				SWIFT_OPTIMIZATION_LEVEL = "-Onone";
			};
			name = Debug;
		};
		B7A264B51FBF996400893AFE /* Release */ = {
			isa = XCBuildConfiguration;
			buildSettings = {
				ALWAYS_SEARCH_USER_PATHS = NO;
				CLANG_ANALYZER_NONNULL = YES;
				CLANG_ANALYZER_NUMBER_OBJECT_CONVERSION = YES_AGGRESSIVE;
				CLANG_CXX_LANGUAGE_STANDARD = "gnu++14";
				CLANG_CXX_LIBRARY = "libc++";
				CLANG_ENABLE_MODULES = YES;
				CLANG_ENABLE_OBJC_ARC = YES;
				CLANG_WARN_BLOCK_CAPTURE_AUTORELEASING = YES;
				CLANG_WARN_BOOL_CONVERSION = YES;
				CLANG_WARN_COMMA = YES;
				CLANG_WARN_CONSTANT_CONVERSION = YES;
				CLANG_WARN_DIRECT_OBJC_ISA_USAGE = YES_ERROR;
				CLANG_WARN_DOCUMENTATION_COMMENTS = YES;
				CLANG_WARN_EMPTY_BODY = YES;
				CLANG_WARN_ENUM_CONVERSION = YES;
				CLANG_WARN_INFINITE_RECURSION = YES;
				CLANG_WARN_INT_CONVERSION = YES;
				CLANG_WARN_NON_LITERAL_NULL_CONVERSION = YES;
				CLANG_WARN_OBJC_LITERAL_CONVERSION = YES;
				CLANG_WARN_OBJC_ROOT_CLASS = YES_ERROR;
				CLANG_WARN_RANGE_LOOP_ANALYSIS = YES;
				CLANG_WARN_STRICT_PROTOTYPES = YES;
				CLANG_WARN_SUSPICIOUS_MOVE = YES;
				CLANG_WARN_UNGUARDED_AVAILABILITY = YES_AGGRESSIVE;
				CLANG_WARN_UNREACHABLE_CODE = YES;
				CLANG_WARN__DUPLICATE_METHOD_MATCH = YES;
				CODE_SIGN_IDENTITY = "iPhone Developer";
				COPY_PHASE_STRIP = NO;
				DEBUG_INFORMATION_FORMAT = "dwarf-with-dsym";
				ENABLE_NS_ASSERTIONS = NO;
				ENABLE_STRICT_OBJC_MSGSEND = YES;
				GCC_C_LANGUAGE_STANDARD = gnu11;
				GCC_NO_COMMON_BLOCKS = YES;
				GCC_WARN_64_TO_32_BIT_CONVERSION = YES;
				GCC_WARN_ABOUT_RETURN_TYPE = YES_ERROR;
				GCC_WARN_UNDECLARED_SELECTOR = YES;
				GCC_WARN_UNINITIALIZED_AUTOS = YES_AGGRESSIVE;
				GCC_WARN_UNUSED_FUNCTION = YES;
				GCC_WARN_UNUSED_VARIABLE = YES;
				IPHONEOS_DEPLOYMENT_TARGET = 11.1;
				MTL_ENABLE_DEBUG_INFO = NO;
				SDKROOT = iphoneos;
				SWIFT_OPTIMIZATION_LEVEL = "-Owholemodule";
				VALIDATE_PRODUCT = YES;
			};
			name = Release;
		};
		B7A264B71FBF996400893AFE /* Debug */ = {
			isa = XCBuildConfiguration;
			buildSettings = {
				ASSETCATALOG_COMPILER_APPICON_NAME = AppIcon;
				CODE_SIGN_STYLE = Automatic;
				DEVELOPMENT_TEAM = 2TF57A6Q8P;
				INFOPLIST_FILE = Loana/Info.plist;
				LD_RUNPATH_SEARCH_PATHS = "$(inherited) @executable_path/Frameworks";
				PRODUCT_BUNDLE_IDENTIFIER = Loana.Loana;
				PRODUCT_NAME = "$(TARGET_NAME)";
				SWIFT_VERSION = 4.0;
				TARGETED_DEVICE_FAMILY = "1,2";
			};
			name = Debug;
		};
		B7A264B81FBF996400893AFE /* Release */ = {
			isa = XCBuildConfiguration;
			buildSettings = {
				ASSETCATALOG_COMPILER_APPICON_NAME = AppIcon;
				CODE_SIGN_STYLE = Automatic;
				DEVELOPMENT_TEAM = 2TF57A6Q8P;
				INFOPLIST_FILE = Loana/Info.plist;
				LD_RUNPATH_SEARCH_PATHS = "$(inherited) @executable_path/Frameworks";
				PRODUCT_BUNDLE_IDENTIFIER = Loana.Loana;
				PRODUCT_NAME = "$(TARGET_NAME)";
				SWIFT_VERSION = 4.0;
				TARGETED_DEVICE_FAMILY = "1,2";
			};
			name = Release;
		};
/* End XCBuildConfiguration section */

/* Begin XCConfigurationList section */
		B7A2649C1FBF996400893AFE /* Build configuration list for PBXProject "Loana" */ = {
			isa = XCConfigurationList;
			buildConfigurations = (
				B7A264B41FBF996400893AFE /* Debug */,
				B7A264B51FBF996400893AFE /* Release */,
			);
			defaultConfigurationIsVisible = 0;
			defaultConfigurationName = Release;
		};
		B7A264B61FBF996400893AFE /* Build configuration list for PBXNativeTarget "Loana" */ = {
			isa = XCConfigurationList;
			buildConfigurations = (
				B7A264B71FBF996400893AFE /* Debug */,
				B7A264B81FBF996400893AFE /* Release */,
			);
			defaultConfigurationIsVisible = 0;
			defaultConfigurationName = Release;
		};
/* End XCConfigurationList section */

/* Begin XCVersionGroup section */
		B7A264AB1FBF996400893AFE /* Loana.xcdatamodeld */ = {
			isa = XCVersionGroup;
			children = (
				B7A264AC1FBF996400893AFE /* Loana.xcdatamodel */,
			);
			currentVersion = B7A264AC1FBF996400893AFE /* Loana.xcdatamodel */;
			path = Loana.xcdatamodeld;
			sourceTree = "<group>";
			versionGroupType = wrapper.xcdatamodel;
		};
/* End XCVersionGroup section */
	};
	rootObject = B7A264991FBF996400893AFE /* Project object */;
}
